// !$*UTF8*$!
{
	archiveVersion = 1;
	classes = {
	};
	objectVersion = 50;
	objects = {

/* Begin PBXBuildFile section */
		22879E9026D3CB1600682651 /* AppDelegate.swift in Sources */ = {isa = PBXBuildFile; fileRef = 22879E8F26D3CB1600682651 /* AppDelegate.swift */; };
		22879E9226D3CB1600682651 /* SceneDelegate.swift in Sources */ = {isa = PBXBuildFile; fileRef = 22879E9126D3CB1600682651 /* SceneDelegate.swift */; };
		22879E9426D3CB1600682651 /* ViewController.swift in Sources */ = {isa = PBXBuildFile; fileRef = 22879E9326D3CB1600682651 /* ViewController.swift */; };
		22879E9726D3CB1600682651 /* Main.storyboard in Resources */ = {isa = PBXBuildFile; fileRef = 22879E9526D3CB1600682651 /* Main.storyboard */; };
		22879E9926D3CB1800682651 /* Assets.xcassets in Resources */ = {isa = PBXBuildFile; fileRef = 22879E9826D3CB1800682651 /* Assets.xcassets */; };
		22879E9C26D3CB1800682651 /* LaunchScreen.storyboard in Resources */ = {isa = PBXBuildFile; fileRef = 22879E9A26D3CB1800682651 /* LaunchScreen.storyboard */; };
		22879EA726D3CB1800682651 /* GeofenceMeTests.swift in Sources */ = {isa = PBXBuildFile; fileRef = 22879EA626D3CB1800682651 /* GeofenceMeTests.swift */; };
		22879EB226D3CB1900682651 /* GeofenceMeUITests.swift in Sources */ = {isa = PBXBuildFile; fileRef = 22879EB126D3CB1900682651 /* GeofenceMeUITests.swift */; };
/* End PBXBuildFile section */

/* Begin PBXContainerItemProxy section */
		22879EA326D3CB1800682651 /* PBXContainerItemProxy */ = {
			isa = PBXContainerItemProxy;
			containerPortal = 22879E8426D3CB1600682651 /* Project object */;
			proxyType = 1;
			remoteGlobalIDString = 22879E8B26D3CB1600682651;
			remoteInfo = GeofenceMe;
		};
		22879EAE26D3CB1800682651 /* PBXContainerItemProxy */ = {
			isa = PBXContainerItemProxy;
			containerPortal = 22879E8426D3CB1600682651 /* Project object */;
			proxyType = 1;
			remoteGlobalIDString = 22879E8B26D3CB1600682651;
			remoteInfo = GeofenceMe;
		};
/* End PBXContainerItemProxy section */

/* Begin PBXFileReference section */
		22879E8C26D3CB1600682651 /* GeofenceMe.app */ = {isa = PBXFileReference; explicitFileType = wrapper.application; includeInIndex = 0; path = GeofenceMe.app; sourceTree = BUILT_PRODUCTS_DIR; };
		22879E8F26D3CB1600682651 /* AppDelegate.swift */ = {isa = PBXFileReference; lastKnownFileType = sourcecode.swift; path = AppDelegate.swift; sourceTree = "<group>"; };
		22879E9126D3CB1600682651 /* SceneDelegate.swift */ = {isa = PBXFileReference; lastKnownFileType = sourcecode.swift; path = SceneDelegate.swift; sourceTree = "<group>"; };
		22879E9326D3CB1600682651 /* ViewController.swift */ = {isa = PBXFileReference; lastKnownFileType = sourcecode.swift; path = ViewController.swift; sourceTree = "<group>"; };
		22879E9626D3CB1600682651 /* Base */ = {isa = PBXFileReference; lastKnownFileType = file.storyboard; name = Base; path = Base.lproj/Main.storyboard; sourceTree = "<group>"; };
		22879E9826D3CB1800682651 /* Assets.xcassets */ = {isa = PBXFileReference; lastKnownFileType = folder.assetcatalog; path = Assets.xcassets; sourceTree = "<group>"; };
		22879E9B26D3CB1800682651 /* Base */ = {isa = PBXFileReference; lastKnownFileType = file.storyboard; name = Base; path = Base.lproj/LaunchScreen.storyboard; sourceTree = "<group>"; };
		22879E9D26D3CB1800682651 /* Info.plist */ = {isa = PBXFileReference; lastKnownFileType = text.plist.xml; path = Info.plist; sourceTree = "<group>"; };
		22879EA226D3CB1800682651 /* GeofenceMeTests.xctest */ = {isa = PBXFileReference; explicitFileType = wrapper.cfbundle; includeInIndex = 0; path = GeofenceMeTests.xctest; sourceTree = BUILT_PRODUCTS_DIR; };
		22879EA626D3CB1800682651 /* GeofenceMeTests.swift */ = {isa = PBXFileReference; lastKnownFileType = sourcecode.swift; path = GeofenceMeTests.swift; sourceTree = "<group>"; };
		22879EA826D3CB1800682651 /* Info.plist */ = {isa = PBXFileReference; lastKnownFileType = text.plist.xml; path = Info.plist; sourceTree = "<group>"; };
		22879EAD26D3CB1800682651 /* GeofenceMeUITests.xctest */ = {isa = PBXFileReference; explicitFileType = wrapper.cfbundle; includeInIndex = 0; path = GeofenceMeUITests.xctest; sourceTree = BUILT_PRODUCTS_DIR; };
		22879EB126D3CB1900682651 /* GeofenceMeUITests.swift */ = {isa = PBXFileReference; lastKnownFileType = sourcecode.swift; path = GeofenceMeUITests.swift; sourceTree = "<group>"; };
		22879EB326D3CB1900682651 /* Info.plist */ = {isa = PBXFileReference; lastKnownFileType = text.plist.xml; path = Info.plist; sourceTree = "<group>"; };
/* End PBXFileReference section */

/* Begin PBXFrameworksBuildPhase section */
		22879E8926D3CB1600682651 /* Frameworks */ = {
			isa = PBXFrameworksBuildPhase;
			buildActionMask = 2147483647;
			files = (
			);
			runOnlyForDeploymentPostprocessing = 0;
		};
		22879E9F26D3CB1800682651 /* Frameworks */ = {
			isa = PBXFrameworksBuildPhase;
			buildActionMask = 2147483647;
			files = (
			);
			runOnlyForDeploymentPostprocessing = 0;
		};
		22879EAA26D3CB1800682651 /* Frameworks */ = {
			isa = PBXFrameworksBuildPhase;
			buildActionMask = 2147483647;
			files = (
			);
			runOnlyForDeploymentPostprocessing = 0;
		};
/* End PBXFrameworksBuildPhase section */

/* Begin PBXGroup section */
		22879E8326D3CB1600682651 = {
			isa = PBXGroup;
			children = (
				22879E8E26D3CB1600682651 /* GeofenceMe */,
				22879EA526D3CB1800682651 /* GeofenceMeTests */,
				22879EB026D3CB1900682651 /* GeofenceMeUITests */,
				22879E8D26D3CB1600682651 /* Products */,
			);
			sourceTree = "<group>";
		};
		22879E8D26D3CB1600682651 /* Products */ = {
			isa = PBXGroup;
			children = (
				22879E8C26D3CB1600682651 /* GeofenceMe.app */,
				22879EA226D3CB1800682651 /* GeofenceMeTests.xctest */,
				22879EAD26D3CB1800682651 /* GeofenceMeUITests.xctest */,
			);
			name = Products;
			sourceTree = "<group>";
		};
		22879E8E26D3CB1600682651 /* GeofenceMe */ = {
			isa = PBXGroup;
			children = (
				22879E8F26D3CB1600682651 /* AppDelegate.swift */,
				22879E9126D3CB1600682651 /* SceneDelegate.swift */,
				22879E9326D3CB1600682651 /* ViewController.swift */,
				22879E9526D3CB1600682651 /* Main.storyboard */,
				22879E9826D3CB1800682651 /* Assets.xcassets */,
				22879E9A26D3CB1800682651 /* LaunchScreen.storyboard */,
				22879E9D26D3CB1800682651 /* Info.plist */,
			);
			path = GeofenceMe;
			sourceTree = "<group>";
		};
		22879EA526D3CB1800682651 /* GeofenceMeTests */ = {
			isa = PBXGroup;
			children = (
				22879EA626D3CB1800682651 /* GeofenceMeTests.swift */,
				22879EA826D3CB1800682651 /* Info.plist */,
			);
			path = GeofenceMeTests;
			sourceTree = "<group>";
		};
		22879EB026D3CB1900682651 /* GeofenceMeUITests */ = {
			isa = PBXGroup;
			children = (
				22879EB126D3CB1900682651 /* GeofenceMeUITests.swift */,
				22879EB326D3CB1900682651 /* Info.plist */,
			);
			path = GeofenceMeUITests;
			sourceTree = "<group>";
		};
/* End PBXGroup section */

/* Begin PBXNativeTarget section */
		22879E8B26D3CB1600682651 /* GeofenceMe */ = {
			isa = PBXNativeTarget;
			buildConfigurationList = 22879EB626D3CB1900682651 /* Build configuration list for PBXNativeTarget "GeofenceMe" */;
			buildPhases = (
				22879E8826D3CB1600682651 /* Sources */,
				22879E8926D3CB1600682651 /* Frameworks */,
				22879E8A26D3CB1600682651 /* Resources */,
			);
			buildRules = (
			);
			dependencies = (
			);
			name = GeofenceMe;
			productName = GeofenceMe;
			productReference = 22879E8C26D3CB1600682651 /* GeofenceMe.app */;
			productType = "com.apple.product-type.application";
		};
		22879EA126D3CB1800682651 /* GeofenceMeTests */ = {
			isa = PBXNativeTarget;
			buildConfigurationList = 22879EB926D3CB1900682651 /* Build configuration list for PBXNativeTarget "GeofenceMeTests" */;
			buildPhases = (
				22879E9E26D3CB1800682651 /* Sources */,
				22879E9F26D3CB1800682651 /* Frameworks */,
				22879EA026D3CB1800682651 /* Resources */,
			);
			buildRules = (
			);
			dependencies = (
				22879EA426D3CB1800682651 /* PBXTargetDependency */,
			);
			name = GeofenceMeTests;
			productName = GeofenceMeTests;
			productReference = 22879EA226D3CB1800682651 /* GeofenceMeTests.xctest */;
			productType = "com.apple.product-type.bundle.unit-test";
		};
		22879EAC26D3CB1800682651 /* GeofenceMeUITests */ = {
			isa = PBXNativeTarget;
			buildConfigurationList = 22879EBC26D3CB1900682651 /* Build configuration list for PBXNativeTarget "GeofenceMeUITests" */;
			buildPhases = (
				22879EA926D3CB1800682651 /* Sources */,
				22879EAA26D3CB1800682651 /* Frameworks */,
				22879EAB26D3CB1800682651 /* Resources */,
			);
			buildRules = (
			);
			dependencies = (
				22879EAF26D3CB1800682651 /* PBXTargetDependency */,
			);
			name = GeofenceMeUITests;
			productName = GeofenceMeUITests;
			productReference = 22879EAD26D3CB1800682651 /* GeofenceMeUITests.xctest */;
			productType = "com.apple.product-type.bundle.ui-testing";
		};
/* End PBXNativeTarget section */

/* Begin PBXProject section */
		22879E8426D3CB1600682651 /* Project object */ = {
			isa = PBXProject;
			attributes = {
				LastSwiftUpdateCheck = 1250;
				LastUpgradeCheck = 1250;
				TargetAttributes = {
					22879E8B26D3CB1600682651 = {
						CreatedOnToolsVersion = 12.5.1;
					};
					22879EA126D3CB1800682651 = {
						CreatedOnToolsVersion = 12.5.1;
						TestTargetID = 22879E8B26D3CB1600682651;
					};
					22879EAC26D3CB1800682651 = {
						CreatedOnToolsVersion = 12.5.1;
						TestTargetID = 22879E8B26D3CB1600682651;
					};
				};
			};
			buildConfigurationList = 22879E8726D3CB1600682651 /* Build configuration list for PBXProject "GeofenceMe" */;
			compatibilityVersion = "Xcode 9.3";
			developmentRegion = en;
			hasScannedForEncodings = 0;
			knownRegions = (
				en,
				Base,
			);
			mainGroup = 22879E8326D3CB1600682651;
			productRefGroup = 22879E8D26D3CB1600682651 /* Products */;
			projectDirPath = "";
			projectRoot = "";
			targets = (
				22879E8B26D3CB1600682651 /* GeofenceMe */,
				22879EA126D3CB1800682651 /* GeofenceMeTests */,
				22879EAC26D3CB1800682651 /* GeofenceMeUITests */,
			);
		};
/* End PBXProject section */

/* Begin PBXResourcesBuildPhase section */
		22879E8A26D3CB1600682651 /* Resources */ = {
			isa = PBXResourcesBuildPhase;
			buildActionMask = 2147483647;
			files = (
				22879E9C26D3CB1800682651 /* LaunchScreen.storyboard in Resources */,
				22879E9926D3CB1800682651 /* Assets.xcassets in Resources */,
				22879E9726D3CB1600682651 /* Main.storyboard in Resources */,
			);
			runOnlyForDeploymentPostprocessing = 0;
		};
		22879EA026D3CB1800682651 /* Resources */ = {
			isa = PBXResourcesBuildPhase;
			buildActionMask = 2147483647;
			files = (
			);
			runOnlyForDeploymentPostprocessing = 0;
		};
		22879EAB26D3CB1800682651 /* Resources */ = {
			isa = PBXResourcesBuildPhase;
			buildActionMask = 2147483647;
			files = (
			);
			runOnlyForDeploymentPostprocessing = 0;
		};
/* End PBXResourcesBuildPhase section */

/* Begin PBXSourcesBuildPhase section */
		22879E8826D3CB1600682651 /* Sources */ = {
			isa = PBXSourcesBuildPhase;
			buildActionMask = 2147483647;
			files = (
				22879E9426D3CB1600682651 /* ViewController.swift in Sources */,
				22879E9026D3CB1600682651 /* AppDelegate.swift in Sources */,
				22879E9226D3CB1600682651 /* SceneDelegate.swift in Sources */,
			);
			runOnlyForDeploymentPostprocessing = 0;
		};
		22879E9E26D3CB1800682651 /* Sources */ = {
			isa = PBXSourcesBuildPhase;
			buildActionMask = 2147483647;
			files = (
				22879EA726D3CB1800682651 /* GeofenceMeTests.swift in Sources */,
			);
			runOnlyForDeploymentPostprocessing = 0;
		};
		22879EA926D3CB1800682651 /* Sources */ = {
			isa = PBXSourcesBuildPhase;
			buildActionMask = 2147483647;
			files = (
				22879EB226D3CB1900682651 /* GeofenceMeUITests.swift in Sources */,
			);
			runOnlyForDeploymentPostprocessing = 0;
		};
/* End PBXSourcesBuildPhase section */

/* Begin PBXTargetDependency section */
		22879EA426D3CB1800682651 /* PBXTargetDependency */ = {
			isa = PBXTargetDependency;
			target = 22879E8B26D3CB1600682651 /* GeofenceMe */;
			targetProxy = 22879EA326D3CB1800682651 /* PBXContainerItemProxy */;
		};
		22879EAF26D3CB1800682651 /* PBXTargetDependency */ = {
			isa = PBXTargetDependency;
			target = 22879E8B26D3CB1600682651 /* GeofenceMe */;
			targetProxy = 22879EAE26D3CB1800682651 /* PBXContainerItemProxy */;
		};
/* End PBXTargetDependency section */

/* Begin PBXVariantGroup section */
		22879E9526D3CB1600682651 /* Main.storyboard */ = {
			isa = PBXVariantGroup;
			children = (
				22879E9626D3CB1600682651 /* Base */,
			);
			name = Main.storyboard;
			sourceTree = "<group>";
		};
		22879E9A26D3CB1800682651 /* LaunchScreen.storyboard */ = {
			isa = PBXVariantGroup;
			children = (
				22879E9B26D3CB1800682651 /* Base */,
			);
			name = LaunchScreen.storyboard;
			sourceTree = "<group>";
		};
/* End PBXVariantGroup section */

/* Begin XCBuildConfiguration section */
		22879EB426D3CB1900682651 /* Debug */ = {
			isa = XCBuildConfiguration;
			buildSettings = {
				ALWAYS_SEARCH_USER_PATHS = NO;
				CLANG_ANALYZER_NONNULL = YES;
				CLANG_ANALYZER_NUMBER_OBJECT_CONVERSION = YES_AGGRESSIVE;
				CLANG_CXX_LANGUAGE_STANDARD = "gnu++14";
				CLANG_CXX_LIBRARY = "libc++";
				CLANG_ENABLE_MODULES = YES;
				CLANG_ENABLE_OBJC_ARC = YES;
				CLANG_ENABLE_OBJC_WEAK = YES;
				CLANG_WARN_BLOCK_CAPTURE_AUTORELEASING = YES;
				CLANG_WARN_BOOL_CONVERSION = YES;
				CLANG_WARN_COMMA = YES;
				CLANG_WARN_CONSTANT_CONVERSION = YES;
				CLANG_WARN_DEPRECATED_OBJC_IMPLEMENTATIONS = YES;
				CLANG_WARN_DIRECT_OBJC_ISA_USAGE = YES_ERROR;
				CLANG_WARN_DOCUMENTATION_COMMENTS = YES;
				CLANG_WARN_EMPTY_BODY = YES;
				CLANG_WARN_ENUM_CONVERSION = YES;
				CLANG_WARN_INFINITE_RECURSION = YES;
				CLANG_WARN_INT_CONVERSION = YES;
				CLANG_WARN_NON_LITERAL_NULL_CONVERSION = YES;
				CLANG_WARN_OBJC_IMPLICIT_RETAIN_SELF = YES;
				CLANG_WARN_OBJC_LITERAL_CONVERSION = YES;
				CLANG_WARN_OBJC_ROOT_CLASS = YES_ERROR;
				CLANG_WARN_QUOTED_INCLUDE_IN_FRAMEWORK_HEADER = YES;
				CLANG_WARN_RANGE_LOOP_ANALYSIS = YES;
				CLANG_WARN_STRICT_PROTOTYPES = YES;
				CLANG_WARN_SUSPICIOUS_MOVE = YES;
				CLANG_WARN_UNGUARDED_AVAILABILITY = YES_AGGRESSIVE;
				CLANG_WARN_UNREACHABLE_CODE = YES;
				CLANG_WARN__DUPLICATE_METHOD_MATCH = YES;
				COPY_PHASE_STRIP = NO;
				DEBUG_INFORMATION_FORMAT = dwarf;
				ENABLE_STRICT_OBJC_MSGSEND = YES;
				ENABLE_TESTABILITY = YES;
				GCC_C_LANGUAGE_STANDARD = gnu11;
				GCC_DYNAMIC_NO_PIC = NO;
				GCC_NO_COMMON_BLOCKS = YES;
				GCC_OPTIMIZATION_LEVEL = 0;
				GCC_PREPROCESSOR_DEFINITIONS = (
					"DEBUG=1",
					"$(inherited)",
				);
				GCC_WARN_64_TO_32_BIT_CONVERSION = YES;
				GCC_WARN_ABOUT_RETURN_TYPE = YES_ERROR;
				GCC_WARN_UNDECLARED_SELECTOR = YES;
				GCC_WARN_UNINITIALIZED_AUTOS = YES_AGGRESSIVE;
				GCC_WARN_UNUSED_FUNCTION = YES;
				GCC_WARN_UNUSED_VARIABLE = YES;
				IPHONEOS_DEPLOYMENT_TARGET = 14.5;
				MTL_ENABLE_DEBUG_INFO = INCLUDE_SOURCE;
				MTL_FAST_MATH = YES;
				ONLY_ACTIVE_ARCH = YES;
				SDKROOT = iphoneos;
				SWIFT_ACTIVE_COMPILATION_CONDITIONS = DEBUG;
				SWIFT_OPTIMIZATION_LEVEL = "-Onone";
			};
			name = Debug;
		};
		22879EB526D3CB1900682651 /* Release */ = {
			isa = XCBuildConfiguration;
			buildSettings = {
				ALWAYS_SEARCH_USER_PATHS = NO;
				CLANG_ANALYZER_NONNULL = YES;
				CLANG_ANALYZER_NUMBER_OBJECT_CONVERSION = YES_AGGRESSIVE;
				CLANG_CXX_LANGUAGE_STANDARD = "gnu++14";
				CLANG_CXX_LIBRARY = "libc++";
				CLANG_ENABLE_MODULES = YES;
				CLANG_ENABLE_OBJC_ARC = YES;
				CLANG_ENABLE_OBJC_WEAK = YES;
				CLANG_WARN_BLOCK_CAPTURE_AUTORELEASING = YES;
				CLANG_WARN_BOOL_CONVERSION = YES;
				CLANG_WARN_COMMA = YES;
				CLANG_WARN_CONSTANT_CONVERSION = YES;
				CLANG_WARN_DEPRECATED_OBJC_IMPLEMENTATIONS = YES;
				CLANG_WARN_DIRECT_OBJC_ISA_USAGE = YES_ERROR;
				CLANG_WARN_DOCUMENTATION_COMMENTS = YES;
				CLANG_WARN_EMPTY_BODY = YES;
				CLANG_WARN_ENUM_CONVERSION = YES;
				CLANG_WARN_INFINITE_RECURSION = YES;
				CLANG_WARN_INT_CONVERSION = YES;
				CLANG_WARN_NON_LITERAL_NULL_CONVERSION = YES;
				CLANG_WARN_OBJC_IMPLICIT_RETAIN_SELF = YES;
				CLANG_WARN_OBJC_LITERAL_CONVERSION = YES;
				CLANG_WARN_OBJC_ROOT_CLASS = YES_ERROR;
				CLANG_WARN_QUOTED_INCLUDE_IN_FRAMEWORK_HEADER = YES;
				CLANG_WARN_RANGE_LOOP_ANALYSIS = YES;
				CLANG_WARN_STRICT_PROTOTYPES = YES;
				CLANG_WARN_SUSPICIOUS_MOVE = YES;
				CLANG_WARN_UNGUARDED_AVAILABILITY = YES_AGGRESSIVE;
				CLANG_WARN_UNREACHABLE_CODE = YES;
				CLANG_WARN__DUPLICATE_METHOD_MATCH = YES;
				COPY_PHASE_STRIP = NO;
				DEBUG_INFORMATION_FORMAT = "dwarf-with-dsym";
				ENABLE_NS_ASSERTIONS = NO;
				ENABLE_STRICT_OBJC_MSGSEND = YES;
				GCC_C_LANGUAGE_STANDARD = gnu11;
				GCC_NO_COMMON_BLOCKS = YES;
				GCC_WARN_64_TO_32_BIT_CONVERSION = YES;
				GCC_WARN_ABOUT_RETURN_TYPE = YES_ERROR;
				GCC_WARN_UNDECLARED_SELECTOR = YES;
				GCC_WARN_UNINITIALIZED_AUTOS = YES_AGGRESSIVE;
				GCC_WARN_UNUSED_FUNCTION = YES;
				GCC_WARN_UNUSED_VARIABLE = YES;
				IPHONEOS_DEPLOYMENT_TARGET = 14.5;
				MTL_ENABLE_DEBUG_INFO = NO;
				MTL_FAST_MATH = YES;
				SDKROOT = iphoneos;
				SWIFT_COMPILATION_MODE = wholemodule;
				SWIFT_OPTIMIZATION_LEVEL = "-O";
				VALIDATE_PRODUCT = YES;
			};
			name = Release;
		};
		22879EB726D3CB1900682651 /* Debug */ = {
			isa = XCBuildConfiguration;
			buildSettings = {
				ASSETCATALOG_COMPILER_APPICON_NAME = AppIcon;
				ASSETCATALOG_COMPILER_GLOBAL_ACCENT_COLOR_NAME = AccentColor;
				CODE_SIGN_STYLE = Automatic;
				INFOPLIST_FILE = GeofenceMe/Info.plist;
				LD_RUNPATH_SEARCH_PATHS = (
					"$(inherited)",
					"@executable_path/Frameworks",
				);
				PRODUCT_BUNDLE_IDENTIFIER = com.abdsani.GeofenceMe;
				PRODUCT_NAME = "$(TARGET_NAME)";
				SWIFT_VERSION = 5.0;
				TARGETED_DEVICE_FAMILY = "1,2";
			};
			name = Debug;
		};
		22879EB826D3CB1900682651 /* Release */ = {
			isa = XCBuildConfiguration;
			buildSettings = {
				ASSETCATALOG_COMPILER_APPICON_NAME = AppIcon;
				ASSETCATALOG_COMPILER_GLOBAL_ACCENT_COLOR_NAME = AccentColor;
				CODE_SIGN_STYLE = Automatic;
				INFOPLIST_FILE = GeofenceMe/Info.plist;
				LD_RUNPATH_SEARCH_PATHS = (
					"$(inherited)",
					"@executable_path/Frameworks",
				);
				PRODUCT_BUNDLE_IDENTIFIER = com.abdsani.GeofenceMe;
				PRODUCT_NAME = "$(TARGET_NAME)";
				SWIFT_VERSION = 5.0;
				TARGETED_DEVICE_FAMILY = "1,2";
			};
			name = Release;
		};
		22879EBA26D3CB1900682651 /* Debug */ = {
			isa = XCBuildConfiguration;
			buildSettings = {
				ALWAYS_EMBED_SWIFT_STANDARD_LIBRARIES = YES;
				BUNDLE_LOADER = "$(TEST_HOST)";
				CODE_SIGN_STYLE = Automatic;
				INFOPLIST_FILE = GeofenceMeTests/Info.plist;
				IPHONEOS_DEPLOYMENT_TARGET = 14.5;
				LD_RUNPATH_SEARCH_PATHS = (
					"$(inherited)",
					"@executable_path/Frameworks",
					"@loader_path/Frameworks",
				);
				PRODUCT_BUNDLE_IDENTIFIER = com.abdsani.GeofenceMeTests;
				PRODUCT_NAME = "$(TARGET_NAME)";
				SWIFT_VERSION = 5.0;
				TARGETED_DEVICE_FAMILY = "1,2";
				TEST_HOST = "$(BUILT_PRODUCTS_DIR)/GeofenceMe.app/GeofenceMe";
			};
			name = Debug;
		};
		22879EBB26D3CB1900682651 /* Release */ = {
			isa = XCBuildConfiguration;
			buildSettings = {
				ALWAYS_EMBED_SWIFT_STANDARD_LIBRARIES = YES;
				BUNDLE_LOADER = "$(TEST_HOST)";
				CODE_SIGN_STYLE = Automatic;
				INFOPLIST_FILE = GeofenceMeTests/Info.plist;
				IPHONEOS_DEPLOYMENT_TARGET = 14.5;
				LD_RUNPATH_SEARCH_PATHS = (
					"$(inherited)",
					"@executable_path/Frameworks",
					"@loader_path/Frameworks",
				);
				PRODUCT_BUNDLE_IDENTIFIER = com.abdsani.GeofenceMeTests;
				PRODUCT_NAME = "$(TARGET_NAME)";
				SWIFT_VERSION = 5.0;
				TARGETED_DEVICE_FAMILY = "1,2";
				TEST_HOST = "$(BUILT_PRODUCTS_DIR)/GeofenceMe.app/GeofenceMe";
			};
			name = Release;
		};
		22879EBD26D3CB1900682651 /* Debug */ = {
			isa = XCBuildConfiguration;
			buildSettings = {
				ALWAYS_EMBED_SWIFT_STANDARD_LIBRARIES = YES;
				CODE_SIGN_STYLE = Automatic;
				INFOPLIST_FILE = GeofenceMeUITests/Info.plist;
				LD_RUNPATH_SEARCH_PATHS = (
					"$(inherited)",
					"@executable_path/Frameworks",
					"@loader_path/Frameworks",
				);
				PRODUCT_BUNDLE_IDENTIFIER = com.abdsani.GeofenceMeUITests;
				PRODUCT_NAME = "$(TARGET_NAME)";
				SWIFT_VERSION = 5.0;
				TARGETED_DEVICE_FAMILY = "1,2";
				TEST_TARGET_NAME = GeofenceMe;
			};
			name = Debug;
		};
		22879EBE26D3CB1900682651 /* Release */ = {
			isa = XCBuildConfiguration;
			buildSettings = {
				ALWAYS_EMBED_SWIFT_STANDARD_LIBRARIES = YES;
				CODE_SIGN_STYLE = Automatic;
				INFOPLIST_FILE = GeofenceMeUITests/Info.plist;
				LD_RUNPATH_SEARCH_PATHS = (
					"$(inherited)",
					"@executable_path/Frameworks",
					"@loader_path/Frameworks",
				);
				PRODUCT_BUNDLE_IDENTIFIER = com.abdsani.GeofenceMeUITests;
				PRODUCT_NAME = "$(TARGET_NAME)";
				SWIFT_VERSION = 5.0;
				TARGETED_DEVICE_FAMILY = "1,2";
				TEST_TARGET_NAME = GeofenceMe;
			};
			name = Release;
		};
/* End XCBuildConfiguration section */

/* Begin XCConfigurationList section */
		22879E8726D3CB1600682651 /* Build configuration list for PBXProject "GeofenceMe" */ = {
			isa = XCConfigurationList;
			buildConfigurations = (
				22879EB426D3CB1900682651 /* Debug */,
				22879EB526D3CB1900682651 /* Release */,
			);
			defaultConfigurationIsVisible = 0;
			defaultConfigurationName = Release;
		};
		22879EB626D3CB1900682651 /* Build configuration list for PBXNativeTarget "GeofenceMe" */ = {
			isa = XCConfigurationList;
			buildConfigurations = (
				22879EB726D3CB1900682651 /* Debug */,
				22879EB826D3CB1900682651 /* Release */,
			);
			defaultConfigurationIsVisible = 0;
			defaultConfigurationName = Release;
		};
		22879EB926D3CB1900682651 /* Build configuration list for PBXNativeTarget "GeofenceMeTests" */ = {
			isa = XCConfigurationList;
			buildConfigurations = (
				22879EBA26D3CB1900682651 /* Debug */,
				22879EBB26D3CB1900682651 /* Release */,
			);
			defaultConfigurationIsVisible = 0;
			defaultConfigurationName = Release;
		};
		22879EBC26D3CB1900682651 /* Build configuration list for PBXNativeTarget "GeofenceMeUITests" */ = {
			isa = XCConfigurationList;
			buildConfigurations = (
				22879EBD26D3CB1900682651 /* Debug */,
				22879EBE26D3CB1900682651 /* Release */,
			);
			defaultConfigurationIsVisible = 0;
			defaultConfigurationName = Release;
		};
/* End XCConfigurationList section */
	};
	rootObject = 22879E8426D3CB1600682651 /* Project object */;
}
