// !$*UTF8*$!
{
	archiveVersion = 1;
	classes = {
	};
	objectVersion = 50;
	objects = {

/* Begin PBXBuildFile section */
		22879E9026D3CB1600682651 /* AppDelegate.swift in Sources */ = {isa = PBXBuildFile; fileRef = 22879E8F26D3CB1600682651 /* AppDelegate.swift */; };
		22879E9226D3CB1600682651 /* SceneDelegate.swift in Sources */ = {isa = PBXBuildFile; fileRef = 22879E9126D3CB1600682651 /* SceneDelegate.swift */; };
		22879E9426D3CB1600682651 /* WelcomeViewController.swift in Sources */ = {isa = PBXBuildFile; fileRef = 22879E9326D3CB1600682651 /* WelcomeViewController.swift */; };
		22879E9726D3CB1600682651 /* Main.storyboard in Resources */ = {isa = PBXBuildFile; fileRef = 22879E9526D3CB1600682651 /* Main.storyboard */; };
		22879E9926D3CB1800682651 /* Assets.xcassets in Resources */ = {isa = PBXBuildFile; fileRef = 22879E9826D3CB1800682651 /* Assets.xcassets */; };
		22879E9C26D3CB1800682651 /* LaunchScreen.storyboard in Resources */ = {isa = PBXBuildFile; fileRef = 22879E9A26D3CB1800682651 /* LaunchScreen.storyboard */; };
		22879EB226D3CB1900682651 /* GeofenceMeUITests.swift in Sources */ = {isa = PBXBuildFile; fileRef = 22879EB126D3CB1900682651 /* GeofenceMeUITests.swift */; };
		22879EC326D4AECC00682651 /* WelcomeViewPresenter.swift in Sources */ = {isa = PBXBuildFile; fileRef = 22879EC226D4AECC00682651 /* WelcomeViewPresenter.swift */; };
		22879EC626D4AFC800682651 /* LocationServiceProviding.swift in Sources */ = {isa = PBXBuildFile; fileRef = 22879EC526D4AFC800682651 /* LocationServiceProviding.swift */; };
		22879EC826D4B03000682651 /* LocationServiceProvider.swift in Sources */ = {isa = PBXBuildFile; fileRef = 22879EC726D4B03000682651 /* LocationServiceProvider.swift */; };
		22879ECA26D4B07400682651 /* LocationServiceDelegate.swift in Sources */ = {isa = PBXBuildFile; fileRef = 22879EC926D4B07400682651 /* LocationServiceDelegate.swift */; };
		22879ED326D4C66100682651 /* AddGeofenceViewController.swift in Sources */ = {isa = PBXBuildFile; fileRef = 22879ED126D4C66100682651 /* AddGeofenceViewController.swift */; };
		22879ED426D4C66100682651 /* AddGeofenceViewController.xib in Resources */ = {isa = PBXBuildFile; fileRef = 22879ED226D4C66100682651 /* AddGeofenceViewController.xib */; };
		22879ED726D5EF6200682651 /* MapPin.swift in Sources */ = {isa = PBXBuildFile; fileRef = 22879ED626D5EF6200682651 /* MapPin.swift */; };
		22879ED926D6124D00682651 /* AddGeofenceViewPresenter.swift in Sources */ = {isa = PBXBuildFile; fileRef = 22879ED826D6124D00682651 /* AddGeofenceViewPresenter.swift */; };
		22879EDB26D612F000682651 /* AddGeofenceViewPresenterDelegate.swift in Sources */ = {isa = PBXBuildFile; fileRef = 22879EDA26D612F000682651 /* AddGeofenceViewPresenterDelegate.swift */; };
		22879EDE26D619F000682651 /* GeofenceStorageService.swift in Sources */ = {isa = PBXBuildFile; fileRef = 22879EDD26D619F000682651 /* GeofenceStorageService.swift */; };
		22879EE026D61A2800682651 /* GeofenceStorageProviding.swift in Sources */ = {isa = PBXBuildFile; fileRef = 22879EDF26D61A2800682651 /* GeofenceStorageProviding.swift */; };
		22879EE226D61A4F00682651 /* GeofenceInfo.swift in Sources */ = {isa = PBXBuildFile; fileRef = 22879EE126D61A4F00682651 /* GeofenceInfo.swift */; };
		22879EE426D6213D00682651 /* AddGeofencePresenterViewTests.swift in Sources */ = {isa = PBXBuildFile; fileRef = 22879EE326D6213D00682651 /* AddGeofencePresenterViewTests.swift */; };
		22879EE626D62CED00682651 /* GeofenceStorageMock.swift in Sources */ = {isa = PBXBuildFile; fileRef = 22879EE526D62CED00682651 /* GeofenceStorageMock.swift */; };
		22879EE826D62DD500682651 /* AddGeofenceViewModel.swift in Sources */ = {isa = PBXBuildFile; fileRef = 22879EE726D62DD500682651 /* AddGeofenceViewModel.swift */; };
		22879EEA26D6308900682651 /* GeofenceStorageServiceTests.swift in Sources */ = {isa = PBXBuildFile; fileRef = 22879EE926D6308900682651 /* GeofenceStorageServiceTests.swift */; };
		22879EED26D634F400682651 /* GeofenceViewController.swift in Sources */ = {isa = PBXBuildFile; fileRef = 22879EEB26D634F400682651 /* GeofenceViewController.swift */; };
		22879EEE26D634F400682651 /* GeofenceViewController.xib in Resources */ = {isa = PBXBuildFile; fileRef = 22879EEC26D634F400682651 /* GeofenceViewController.xib */; };
		22879EF126D6351400682651 /* GeofenceViewPresenter.swift in Sources */ = {isa = PBXBuildFile; fileRef = 22879EF026D6351400682651 /* GeofenceViewPresenter.swift */; };
		22879EF326D635A100682651 /* GeofenceViewModel.swift in Sources */ = {isa = PBXBuildFile; fileRef = 22879EF226D635A100682651 /* GeofenceViewModel.swift */; };
		22879EF526D7815400682651 /* GeofenceCheckService.swift in Sources */ = {isa = PBXBuildFile; fileRef = 22879EF426D7815400682651 /* GeofenceCheckService.swift */; };
		22879EF726D7891600682651 /* WifiDetectorService.swift in Sources */ = {isa = PBXBuildFile; fileRef = 22879EF626D7891600682651 /* WifiDetectorService.swift */; };
		2297F27026DF2CA600BF241C /* GeofenceMonitor.swift in Sources */ = {isa = PBXBuildFile; fileRef = 2297F26F26DF2CA600BF241C /* GeofenceMonitor.swift */; };
		2297F27A26DF72F200BF241C /* NotificationService.swift in Sources */ = {isa = PBXBuildFile; fileRef = 2297F27926DF72F200BF241C /* NotificationService.swift */; };
		2297F28026DF8F6900BF241C /* AppCoordinator.swift in Sources */ = {isa = PBXBuildFile; fileRef = 2297F27E26DF8F6900BF241C /* AppCoordinator.swift */; };
		2297F28126DF8F6900BF241C /* Coordinator.swift in Sources */ = {isa = PBXBuildFile; fileRef = 2297F27F26DF8F6900BF241C /* Coordinator.swift */; };
		22D6E24026DF93910075469A /* WelcomeViewController.xib in Resources */ = {isa = PBXBuildFile; fileRef = 22D6E23F26DF93910075469A /* WelcomeViewController.xib */; };
		22D6E24226DF9DA10075469A /* WelcomeViewPresenterDelegate.swift in Sources */ = {isa = PBXBuildFile; fileRef = 22D6E24126DF9DA10075469A /* WelcomeViewPresenterDelegate.swift */; };
		22D6E24426DFBBE10075469A /* WelcomeViewPresenterTests.swift in Sources */ = {isa = PBXBuildFile; fileRef = 22D6E24326DFBBE10075469A /* WelcomeViewPresenterTests.swift */; };
		22D6E24626DFBF600075469A /* AppCoordinatingSpy.swift in Sources */ = {isa = PBXBuildFile; fileRef = 22D6E24526DFBF600075469A /* AppCoordinatingSpy.swift */; };
		22D6E24826DFBF7D0075469A /* AppCoordinating.swift in Sources */ = {isa = PBXBuildFile; fileRef = 22D6E24726DFBF7D0075469A /* AppCoordinating.swift */; };
		22D6E24B26E0C75E0075469A /* ViewControllerAppEventResponding.swift in Sources */ = {isa = PBXBuildFile; fileRef = 22D6E24A26E0C75E0075469A /* ViewControllerAppEventResponding.swift */; };
		22D6E25E26E600050075469A /* GeofenceDetailsViewController.swift in Sources */ = {isa = PBXBuildFile; fileRef = 22D6E25C26E600050075469A /* GeofenceDetailsViewController.swift */; };
		22D6E25F26E600050075469A /* GeofenceDetailsViewController.xib in Resources */ = {isa = PBXBuildFile; fileRef = 22D6E25D26E600050075469A /* GeofenceDetailsViewController.xib */; };
		22D6E26826E602F40075469A /* TextDisplayCell.swift in Sources */ = {isa = PBXBuildFile; fileRef = 22D6E26626E602F40075469A /* TextDisplayCell.swift */; };
		22D6E26926E602F40075469A /* TextDisplayCell.xib in Resources */ = {isa = PBXBuildFile; fileRef = 22D6E26726E602F40075469A /* TextDisplayCell.xib */; };
		22D6E27026E608710075469A /* SwitchCell.swift in Sources */ = {isa = PBXBuildFile; fileRef = 22D6E26E26E608710075469A /* SwitchCell.swift */; };
		22D6E27126E608710075469A /* SwitchCell.xib in Resources */ = {isa = PBXBuildFile; fileRef = 22D6E26F26E608710075469A /* SwitchCell.xib */; };
		22D6E27426E60C4F0075469A /* SegmentCell.swift in Sources */ = {isa = PBXBuildFile; fileRef = 22D6E27226E60C4F0075469A /* SegmentCell.swift */; };
		22D6E27526E60C4F0075469A /* SegmentCell.xib in Resources */ = {isa = PBXBuildFile; fileRef = 22D6E27326E60C4F0075469A /* SegmentCell.xib */; };
		22D6E27726E60EC30075469A /* GeofenceDetailsViewPresenter.swift in Sources */ = {isa = PBXBuildFile; fileRef = 22D6E27626E60EC30075469A /* GeofenceDetailsViewPresenter.swift */; };
		22D6E27926E60EFC0075469A /* GeofenceDetailsCellType.swift in Sources */ = {isa = PBXBuildFile; fileRef = 22D6E27826E60EFC0075469A /* GeofenceDetailsCellType.swift */; };
		22D6E27B26E612C50075469A /* GeofenceDetailsCellModel.swift in Sources */ = {isa = PBXBuildFile; fileRef = 22D6E27A26E612C50075469A /* GeofenceDetailsCellModel.swift */; };
		22D6E27D26E616F80075469A /* GeofenceDetailsCellTextModel.swift in Sources */ = {isa = PBXBuildFile; fileRef = 22D6E27C26E616F80075469A /* GeofenceDetailsCellTextModel.swift */; };
		22D6E27F26E618690075469A /* GeofenceDetailsCellSwitchModel.swift in Sources */ = {isa = PBXBuildFile; fileRef = 22D6E27E26E618690075469A /* GeofenceDetailsCellSwitchModel.swift */; };
		22D6E28126E619A00075469A /* GeofenceDetailsCellSegment.swift in Sources */ = {isa = PBXBuildFile; fileRef = 22D6E28026E6199F0075469A /* GeofenceDetailsCellSegment.swift */; };
		22D6E28326E61D950075469A /* SegmentCellDelegate.swift in Sources */ = {isa = PBXBuildFile; fileRef = 22D6E28226E61D950075469A /* SegmentCellDelegate.swift */; };
		22D6E28526E621400075469A /* GeofenceDetailType.swift in Sources */ = {isa = PBXBuildFile; fileRef = 22D6E28426E621400075469A /* GeofenceDetailType.swift */; };
		22D6E28726E718A90075469A /* GeofenceDetailsViewModel.swift in Sources */ = {isa = PBXBuildFile; fileRef = 22D6E28626E718A90075469A /* GeofenceDetailsViewModel.swift */; };
		22D6E28926E71C0E0075469A /* RadiusOption.swift in Sources */ = {isa = PBXBuildFile; fileRef = 22D6E28826E71C0E0075469A /* RadiusOption.swift */; };
		22D6E28B26E71F310075469A /* SwitchCellDelegate.swift in Sources */ = {isa = PBXBuildFile; fileRef = 22D6E28A26E71F310075469A /* SwitchCellDelegate.swift */; };
		22D6E28D26E72AB30075469A /* GeofenceDetailsPresenterDelegate.swift in Sources */ = {isa = PBXBuildFile; fileRef = 22D6E28C26E72AB30075469A /* GeofenceDetailsPresenterDelegate.swift */; };
		22D6E29226E74DC10075469A /* DetailTextInputViewController.swift in Sources */ = {isa = PBXBuildFile; fileRef = 22D6E29026E74DC10075469A /* DetailTextInputViewController.swift */; };
		22D6E29326E74DC10075469A /* DetailTextInputViewController.xib in Resources */ = {isa = PBXBuildFile; fileRef = 22D6E29126E74DC10075469A /* DetailTextInputViewController.xib */; };
		22D6E29626E750370075469A /* DetailTextInputPresenter.swift in Sources */ = {isa = PBXBuildFile; fileRef = 22D6E29526E750370075469A /* DetailTextInputPresenter.swift */; };
		22D6E29826E753090075469A /* DetailTextViewControllerResponding.swift in Sources */ = {isa = PBXBuildFile; fileRef = 22D6E29726E753090075469A /* DetailTextViewControllerResponding.swift */; };
		22D6E29A26E756EF0075469A /* DetailTextInputPresenterTests.swift in Sources */ = {isa = PBXBuildFile; fileRef = 22D6E29926E756EF0075469A /* DetailTextInputPresenterTests.swift */; };
		22D6E29C26E778580075469A /* GeofenceDetailsCoordinator.swift in Sources */ = {isa = PBXBuildFile; fileRef = 22D6E29B26E778580075469A /* GeofenceDetailsCoordinator.swift */; };
		22D6E29E26E7786F0075469A /* GeofenceDetailsCoordinating.swift in Sources */ = {isa = PBXBuildFile; fileRef = 22D6E29D26E7786F0075469A /* GeofenceDetailsCoordinating.swift */; };
		22D6E2A026E7A8CA0075469A /* GeofenceDetailsParentCoordinating.swift in Sources */ = {isa = PBXBuildFile; fileRef = 22D6E29F26E7A8CA0075469A /* GeofenceDetailsParentCoordinating.swift */; };
		22D6E2A226E7A9590075469A /* GeofenceDetailsResponding.swift in Sources */ = {isa = PBXBuildFile; fileRef = 22D6E2A126E7A9590075469A /* GeofenceDetailsResponding.swift */; };
		E3E4A1BA26D9E3FD00A2D818 /* GeofenceViewPresenterDelegate.swift in Sources */ = {isa = PBXBuildFile; fileRef = E3E4A1B926D9E3FD00A2D818 /* GeofenceViewPresenterDelegate.swift */; };
		E3E4A1BC26DA488B00A2D818 /* GeofenceCheckServiceTests.swift in Sources */ = {isa = PBXBuildFile; fileRef = E3E4A1BB26DA488B00A2D818 /* GeofenceCheckServiceTests.swift */; };
		E3E4A1BE26DA521500A2D818 /* GeofenceViewPresenterTests.swift in Sources */ = {isa = PBXBuildFile; fileRef = E3E4A1BD26DA521500A2D818 /* GeofenceViewPresenterTests.swift */; };
		E3E4A1C026DA655D00A2D818 /* LocationServiceMock.swift in Sources */ = {isa = PBXBuildFile; fileRef = E3E4A1BF26DA655D00A2D818 /* LocationServiceMock.swift */; };
/* End PBXBuildFile section */

/* Begin PBXContainerItemProxy section */
		22879EA326D3CB1800682651 /* PBXContainerItemProxy */ = {
			isa = PBXContainerItemProxy;
			containerPortal = 22879E8426D3CB1600682651 /* Project object */;
			proxyType = 1;
			remoteGlobalIDString = 22879E8B26D3CB1600682651;
			remoteInfo = GeofenceMe;
		};
		22879EAE26D3CB1800682651 /* PBXContainerItemProxy */ = {
			isa = PBXContainerItemProxy;
			containerPortal = 22879E8426D3CB1600682651 /* Project object */;
			proxyType = 1;
			remoteGlobalIDString = 22879E8B26D3CB1600682651;
			remoteInfo = GeofenceMe;
		};
/* End PBXContainerItemProxy section */

/* Begin PBXFileReference section */
		22879E8C26D3CB1600682651 /* GeofenceMe.app */ = {isa = PBXFileReference; explicitFileType = wrapper.application; includeInIndex = 0; path = GeofenceMe.app; sourceTree = BUILT_PRODUCTS_DIR; };
		22879E8F26D3CB1600682651 /* AppDelegate.swift */ = {isa = PBXFileReference; lastKnownFileType = sourcecode.swift; path = AppDelegate.swift; sourceTree = "<group>"; };
		22879E9126D3CB1600682651 /* SceneDelegate.swift */ = {isa = PBXFileReference; lastKnownFileType = sourcecode.swift; path = SceneDelegate.swift; sourceTree = "<group>"; };
		22879E9326D3CB1600682651 /* WelcomeViewController.swift */ = {isa = PBXFileReference; lastKnownFileType = sourcecode.swift; path = WelcomeViewController.swift; sourceTree = "<group>"; };
		22879E9626D3CB1600682651 /* Base */ = {isa = PBXFileReference; lastKnownFileType = file.storyboard; name = Base; path = Base.lproj/Main.storyboard; sourceTree = "<group>"; };
		22879E9826D3CB1800682651 /* Assets.xcassets */ = {isa = PBXFileReference; lastKnownFileType = folder.assetcatalog; path = Assets.xcassets; sourceTree = "<group>"; };
		22879E9B26D3CB1800682651 /* Base */ = {isa = PBXFileReference; lastKnownFileType = file.storyboard; name = Base; path = Base.lproj/LaunchScreen.storyboard; sourceTree = "<group>"; };
		22879E9D26D3CB1800682651 /* Info.plist */ = {isa = PBXFileReference; lastKnownFileType = text.plist.xml; path = Info.plist; sourceTree = "<group>"; };
		22879EA226D3CB1800682651 /* GeofenceMeTests.xctest */ = {isa = PBXFileReference; explicitFileType = wrapper.cfbundle; includeInIndex = 0; path = GeofenceMeTests.xctest; sourceTree = BUILT_PRODUCTS_DIR; };
		22879EA826D3CB1800682651 /* Info.plist */ = {isa = PBXFileReference; lastKnownFileType = text.plist.xml; path = Info.plist; sourceTree = "<group>"; };
		22879EAD26D3CB1800682651 /* GeofenceMeUITests.xctest */ = {isa = PBXFileReference; explicitFileType = wrapper.cfbundle; includeInIndex = 0; path = GeofenceMeUITests.xctest; sourceTree = BUILT_PRODUCTS_DIR; };
		22879EB126D3CB1900682651 /* GeofenceMeUITests.swift */ = {isa = PBXFileReference; lastKnownFileType = sourcecode.swift; path = GeofenceMeUITests.swift; sourceTree = "<group>"; };
		22879EB326D3CB1900682651 /* Info.plist */ = {isa = PBXFileReference; lastKnownFileType = text.plist.xml; path = Info.plist; sourceTree = "<group>"; };
		22879EC226D4AECC00682651 /* WelcomeViewPresenter.swift */ = {isa = PBXFileReference; lastKnownFileType = sourcecode.swift; path = WelcomeViewPresenter.swift; sourceTree = "<group>"; };
		22879EC526D4AFC800682651 /* LocationServiceProviding.swift */ = {isa = PBXFileReference; lastKnownFileType = sourcecode.swift; path = LocationServiceProviding.swift; sourceTree = "<group>"; };
		22879EC726D4B03000682651 /* LocationServiceProvider.swift */ = {isa = PBXFileReference; lastKnownFileType = sourcecode.swift; path = LocationServiceProvider.swift; sourceTree = "<group>"; };
		22879EC926D4B07400682651 /* LocationServiceDelegate.swift */ = {isa = PBXFileReference; lastKnownFileType = sourcecode.swift; path = LocationServiceDelegate.swift; sourceTree = "<group>"; };
		22879ED126D4C66100682651 /* AddGeofenceViewController.swift */ = {isa = PBXFileReference; lastKnownFileType = sourcecode.swift; path = AddGeofenceViewController.swift; sourceTree = "<group>"; };
		22879ED226D4C66100682651 /* AddGeofenceViewController.xib */ = {isa = PBXFileReference; lastKnownFileType = file.xib; path = AddGeofenceViewController.xib; sourceTree = "<group>"; };
		22879ED626D5EF6200682651 /* MapPin.swift */ = {isa = PBXFileReference; lastKnownFileType = sourcecode.swift; path = MapPin.swift; sourceTree = "<group>"; };
		22879ED826D6124D00682651 /* AddGeofenceViewPresenter.swift */ = {isa = PBXFileReference; lastKnownFileType = sourcecode.swift; path = AddGeofenceViewPresenter.swift; sourceTree = "<group>"; };
		22879EDA26D612F000682651 /* AddGeofenceViewPresenterDelegate.swift */ = {isa = PBXFileReference; lastKnownFileType = sourcecode.swift; path = AddGeofenceViewPresenterDelegate.swift; sourceTree = "<group>"; };
		22879EDD26D619F000682651 /* GeofenceStorageService.swift */ = {isa = PBXFileReference; lastKnownFileType = sourcecode.swift; path = GeofenceStorageService.swift; sourceTree = "<group>"; };
		22879EDF26D61A2800682651 /* GeofenceStorageProviding.swift */ = {isa = PBXFileReference; lastKnownFileType = sourcecode.swift; path = GeofenceStorageProviding.swift; sourceTree = "<group>"; };
		22879EE126D61A4F00682651 /* GeofenceInfo.swift */ = {isa = PBXFileReference; lastKnownFileType = sourcecode.swift; path = GeofenceInfo.swift; sourceTree = "<group>"; };
		22879EE326D6213D00682651 /* AddGeofencePresenterViewTests.swift */ = {isa = PBXFileReference; lastKnownFileType = sourcecode.swift; path = AddGeofencePresenterViewTests.swift; sourceTree = "<group>"; };
		22879EE526D62CED00682651 /* GeofenceStorageMock.swift */ = {isa = PBXFileReference; lastKnownFileType = sourcecode.swift; path = GeofenceStorageMock.swift; sourceTree = "<group>"; };
		22879EE726D62DD500682651 /* AddGeofenceViewModel.swift */ = {isa = PBXFileReference; lastKnownFileType = sourcecode.swift; path = AddGeofenceViewModel.swift; sourceTree = "<group>"; };
		22879EE926D6308900682651 /* GeofenceStorageServiceTests.swift */ = {isa = PBXFileReference; lastKnownFileType = sourcecode.swift; path = GeofenceStorageServiceTests.swift; sourceTree = "<group>"; };
		22879EEB26D634F400682651 /* GeofenceViewController.swift */ = {isa = PBXFileReference; lastKnownFileType = sourcecode.swift; path = GeofenceViewController.swift; sourceTree = "<group>"; };
		22879EEC26D634F400682651 /* GeofenceViewController.xib */ = {isa = PBXFileReference; lastKnownFileType = file.xib; path = GeofenceViewController.xib; sourceTree = "<group>"; };
		22879EF026D6351400682651 /* GeofenceViewPresenter.swift */ = {isa = PBXFileReference; lastKnownFileType = sourcecode.swift; path = GeofenceViewPresenter.swift; sourceTree = "<group>"; };
		22879EF226D635A100682651 /* GeofenceViewModel.swift */ = {isa = PBXFileReference; lastKnownFileType = sourcecode.swift; path = GeofenceViewModel.swift; sourceTree = "<group>"; };
		22879EF426D7815400682651 /* GeofenceCheckService.swift */ = {isa = PBXFileReference; lastKnownFileType = sourcecode.swift; path = GeofenceCheckService.swift; sourceTree = "<group>"; };
		22879EF626D7891600682651 /* WifiDetectorService.swift */ = {isa = PBXFileReference; lastKnownFileType = sourcecode.swift; path = WifiDetectorService.swift; sourceTree = "<group>"; };
		2297F26F26DF2CA600BF241C /* GeofenceMonitor.swift */ = {isa = PBXFileReference; lastKnownFileType = sourcecode.swift; path = GeofenceMonitor.swift; sourceTree = "<group>"; };
		2297F27926DF72F200BF241C /* NotificationService.swift */ = {isa = PBXFileReference; lastKnownFileType = sourcecode.swift; path = NotificationService.swift; sourceTree = "<group>"; };
		2297F27E26DF8F6900BF241C /* AppCoordinator.swift */ = {isa = PBXFileReference; fileEncoding = 4; lastKnownFileType = sourcecode.swift; path = AppCoordinator.swift; sourceTree = "<group>"; };
		2297F27F26DF8F6900BF241C /* Coordinator.swift */ = {isa = PBXFileReference; fileEncoding = 4; lastKnownFileType = sourcecode.swift; path = Coordinator.swift; sourceTree = "<group>"; };
		22D6E23F26DF93910075469A /* WelcomeViewController.xib */ = {isa = PBXFileReference; lastKnownFileType = file.xib; path = WelcomeViewController.xib; sourceTree = "<group>"; };
		22D6E24126DF9DA10075469A /* WelcomeViewPresenterDelegate.swift */ = {isa = PBXFileReference; lastKnownFileType = sourcecode.swift; path = WelcomeViewPresenterDelegate.swift; sourceTree = "<group>"; };
		22D6E24326DFBBE10075469A /* WelcomeViewPresenterTests.swift */ = {isa = PBXFileReference; lastKnownFileType = sourcecode.swift; path = WelcomeViewPresenterTests.swift; sourceTree = "<group>"; };
		22D6E24526DFBF600075469A /* AppCoordinatingSpy.swift */ = {isa = PBXFileReference; lastKnownFileType = sourcecode.swift; path = AppCoordinatingSpy.swift; sourceTree = "<group>"; };
		22D6E24726DFBF7D0075469A /* AppCoordinating.swift */ = {isa = PBXFileReference; lastKnownFileType = sourcecode.swift; path = AppCoordinating.swift; sourceTree = "<group>"; };
		22D6E24A26E0C75E0075469A /* ViewControllerAppEventResponding.swift */ = {isa = PBXFileReference; lastKnownFileType = sourcecode.swift; path = ViewControllerAppEventResponding.swift; sourceTree = "<group>"; };
		22D6E24D26E1D9090075469A /* GeofenceMe.entitlements */ = {isa = PBXFileReference; lastKnownFileType = text.plist.entitlements; path = GeofenceMe.entitlements; sourceTree = "<group>"; };
		22D6E25C26E600050075469A /* GeofenceDetailsViewController.swift */ = {isa = PBXFileReference; lastKnownFileType = sourcecode.swift; path = GeofenceDetailsViewController.swift; sourceTree = "<group>"; };
		22D6E25D26E600050075469A /* GeofenceDetailsViewController.xib */ = {isa = PBXFileReference; lastKnownFileType = file.xib; path = GeofenceDetailsViewController.xib; sourceTree = "<group>"; };
		22D6E26626E602F40075469A /* TextDisplayCell.swift */ = {isa = PBXFileReference; lastKnownFileType = sourcecode.swift; path = TextDisplayCell.swift; sourceTree = "<group>"; };
		22D6E26726E602F40075469A /* TextDisplayCell.xib */ = {isa = PBXFileReference; lastKnownFileType = file.xib; path = TextDisplayCell.xib; sourceTree = "<group>"; };
		22D6E26E26E608710075469A /* SwitchCell.swift */ = {isa = PBXFileReference; lastKnownFileType = sourcecode.swift; path = SwitchCell.swift; sourceTree = "<group>"; };
		22D6E26F26E608710075469A /* SwitchCell.xib */ = {isa = PBXFileReference; lastKnownFileType = file.xib; path = SwitchCell.xib; sourceTree = "<group>"; };
		22D6E27226E60C4F0075469A /* SegmentCell.swift */ = {isa = PBXFileReference; lastKnownFileType = sourcecode.swift; path = SegmentCell.swift; sourceTree = "<group>"; };
		22D6E27326E60C4F0075469A /* SegmentCell.xib */ = {isa = PBXFileReference; lastKnownFileType = file.xib; path = SegmentCell.xib; sourceTree = "<group>"; };
		22D6E27626E60EC30075469A /* GeofenceDetailsViewPresenter.swift */ = {isa = PBXFileReference; lastKnownFileType = sourcecode.swift; path = GeofenceDetailsViewPresenter.swift; sourceTree = "<group>"; };
		22D6E27826E60EFC0075469A /* GeofenceDetailsCellType.swift */ = {isa = PBXFileReference; lastKnownFileType = sourcecode.swift; path = GeofenceDetailsCellType.swift; sourceTree = "<group>"; };
		22D6E27A26E612C50075469A /* GeofenceDetailsCellModel.swift */ = {isa = PBXFileReference; lastKnownFileType = sourcecode.swift; path = GeofenceDetailsCellModel.swift; sourceTree = "<group>"; };
		22D6E27C26E616F80075469A /* GeofenceDetailsCellTextModel.swift */ = {isa = PBXFileReference; lastKnownFileType = sourcecode.swift; path = GeofenceDetailsCellTextModel.swift; sourceTree = "<group>"; };
		22D6E27E26E618690075469A /* GeofenceDetailsCellSwitchModel.swift */ = {isa = PBXFileReference; lastKnownFileType = sourcecode.swift; path = GeofenceDetailsCellSwitchModel.swift; sourceTree = "<group>"; };
		22D6E28026E6199F0075469A /* GeofenceDetailsCellSegment.swift */ = {isa = PBXFileReference; lastKnownFileType = sourcecode.swift; path = GeofenceDetailsCellSegment.swift; sourceTree = "<group>"; };
		22D6E28226E61D950075469A /* SegmentCellDelegate.swift */ = {isa = PBXFileReference; lastKnownFileType = sourcecode.swift; path = SegmentCellDelegate.swift; sourceTree = "<group>"; };
		22D6E28426E621400075469A /* GeofenceDetailType.swift */ = {isa = PBXFileReference; lastKnownFileType = sourcecode.swift; path = GeofenceDetailType.swift; sourceTree = "<group>"; };
		22D6E28626E718A90075469A /* GeofenceDetailsViewModel.swift */ = {isa = PBXFileReference; lastKnownFileType = sourcecode.swift; path = GeofenceDetailsViewModel.swift; sourceTree = "<group>"; };
		22D6E28826E71C0E0075469A /* RadiusOption.swift */ = {isa = PBXFileReference; lastKnownFileType = sourcecode.swift; path = RadiusOption.swift; sourceTree = "<group>"; };
		22D6E28A26E71F310075469A /* SwitchCellDelegate.swift */ = {isa = PBXFileReference; lastKnownFileType = sourcecode.swift; path = SwitchCellDelegate.swift; sourceTree = "<group>"; };
		22D6E28C26E72AB30075469A /* GeofenceDetailsPresenterDelegate.swift */ = {isa = PBXFileReference; lastKnownFileType = sourcecode.swift; path = GeofenceDetailsPresenterDelegate.swift; sourceTree = "<group>"; };
		22D6E29026E74DC10075469A /* DetailTextInputViewController.swift */ = {isa = PBXFileReference; lastKnownFileType = sourcecode.swift; path = DetailTextInputViewController.swift; sourceTree = "<group>"; };
		22D6E29126E74DC10075469A /* DetailTextInputViewController.xib */ = {isa = PBXFileReference; lastKnownFileType = file.xib; path = DetailTextInputViewController.xib; sourceTree = "<group>"; };
		22D6E29526E750370075469A /* DetailTextInputPresenter.swift */ = {isa = PBXFileReference; lastKnownFileType = sourcecode.swift; path = DetailTextInputPresenter.swift; sourceTree = "<group>"; };
		22D6E29726E753090075469A /* DetailTextViewControllerResponding.swift */ = {isa = PBXFileReference; lastKnownFileType = sourcecode.swift; path = DetailTextViewControllerResponding.swift; sourceTree = "<group>"; };
		22D6E29926E756EF0075469A /* DetailTextInputPresenterTests.swift */ = {isa = PBXFileReference; lastKnownFileType = sourcecode.swift; path = DetailTextInputPresenterTests.swift; sourceTree = "<group>"; };
		22D6E29B26E778580075469A /* GeofenceDetailsCoordinator.swift */ = {isa = PBXFileReference; lastKnownFileType = sourcecode.swift; path = GeofenceDetailsCoordinator.swift; sourceTree = "<group>"; };
		22D6E29D26E7786F0075469A /* GeofenceDetailsCoordinating.swift */ = {isa = PBXFileReference; lastKnownFileType = sourcecode.swift; path = GeofenceDetailsCoordinating.swift; sourceTree = "<group>"; };
		22D6E29F26E7A8CA0075469A /* GeofenceDetailsParentCoordinating.swift */ = {isa = PBXFileReference; lastKnownFileType = sourcecode.swift; path = GeofenceDetailsParentCoordinating.swift; sourceTree = "<group>"; };
		22D6E2A126E7A9590075469A /* GeofenceDetailsResponding.swift */ = {isa = PBXFileReference; lastKnownFileType = sourcecode.swift; path = GeofenceDetailsResponding.swift; sourceTree = "<group>"; };
		E3E4A1B926D9E3FD00A2D818 /* GeofenceViewPresenterDelegate.swift */ = {isa = PBXFileReference; lastKnownFileType = sourcecode.swift; path = GeofenceViewPresenterDelegate.swift; sourceTree = "<group>"; };
		E3E4A1BB26DA488B00A2D818 /* GeofenceCheckServiceTests.swift */ = {isa = PBXFileReference; lastKnownFileType = sourcecode.swift; path = GeofenceCheckServiceTests.swift; sourceTree = "<group>"; };
		E3E4A1BD26DA521500A2D818 /* GeofenceViewPresenterTests.swift */ = {isa = PBXFileReference; lastKnownFileType = sourcecode.swift; path = GeofenceViewPresenterTests.swift; sourceTree = "<group>"; };
		E3E4A1BF26DA655D00A2D818 /* LocationServiceMock.swift */ = {isa = PBXFileReference; lastKnownFileType = sourcecode.swift; path = LocationServiceMock.swift; sourceTree = "<group>"; };
/* End PBXFileReference section */

/* Begin PBXFrameworksBuildPhase section */
		22879E8926D3CB1600682651 /* Frameworks */ = {
			isa = PBXFrameworksBuildPhase;
			buildActionMask = 2147483647;
			files = (
			);
			runOnlyForDeploymentPostprocessing = 0;
		};
		22879E9F26D3CB1800682651 /* Frameworks */ = {
			isa = PBXFrameworksBuildPhase;
			buildActionMask = 2147483647;
			files = (
			);
			runOnlyForDeploymentPostprocessing = 0;
		};
		22879EAA26D3CB1800682651 /* Frameworks */ = {
			isa = PBXFrameworksBuildPhase;
			buildActionMask = 2147483647;
			files = (
			);
			runOnlyForDeploymentPostprocessing = 0;
		};
/* End PBXFrameworksBuildPhase section */

/* Begin PBXGroup section */
		22879E8326D3CB1600682651 = {
			isa = PBXGroup;
			children = (
				22879E8E26D3CB1600682651 /* GeofenceMe */,
				22879EA526D3CB1800682651 /* GeofenceMeTests */,
				22879EB026D3CB1900682651 /* GeofenceMeUITests */,
				22879E8D26D3CB1600682651 /* Products */,
			);
			sourceTree = "<group>";
		};
		22879E8D26D3CB1600682651 /* Products */ = {
			isa = PBXGroup;
			children = (
				22879E8C26D3CB1600682651 /* GeofenceMe.app */,
				22879EA226D3CB1800682651 /* GeofenceMeTests.xctest */,
				22879EAD26D3CB1800682651 /* GeofenceMeUITests.xctest */,
			);
			name = Products;
			sourceTree = "<group>";
		};
		22879E8E26D3CB1600682651 /* GeofenceMe */ = {
			isa = PBXGroup;
			children = (
				22D6E29426E74FEE0075469A /* DetailTextInput */,
				22D6E25B26E5FFEE0075469A /* GeofenceDetails */,
				22D6E24D26E1D9090075469A /* GeofenceMe.entitlements */,
				22D6E24926E0C7340075469A /* ViewControllerAppEventsProtocol */,
				2297F27D26DF8F6900BF241C /* Coordinator */,
				2297F27826DF72D700BF241C /* NotificationService */,
				22879EF826D7891E00682651 /* WifiDetector */,
				22879EEF26D634FA00682651 /* GeofenceView */,
				22879EDC26D619B300682651 /* GeofenceService */,
				22879ED526D5EF4B00682651 /* MapView */,
				22879ECC26D4BD7E00682651 /* AddGeofence */,
				22879EC426D4AFB200682651 /* LocationService */,
				22879EBF26D3CF5E00682651 /* WelcomeScreen */,
				22879E8F26D3CB1600682651 /* AppDelegate.swift */,
				22879E9126D3CB1600682651 /* SceneDelegate.swift */,
				22879E9526D3CB1600682651 /* Main.storyboard */,
				22879E9826D3CB1800682651 /* Assets.xcassets */,
				22879E9A26D3CB1800682651 /* LaunchScreen.storyboard */,
				22879E9D26D3CB1800682651 /* Info.plist */,
			);
			path = GeofenceMe;
			sourceTree = "<group>";
		};
		22879EA526D3CB1800682651 /* GeofenceMeTests */ = {
			isa = PBXGroup;
			children = (
				22879EA826D3CB1800682651 /* Info.plist */,
				22879EE326D6213D00682651 /* AddGeofencePresenterViewTests.swift */,
				22879EE526D62CED00682651 /* GeofenceStorageMock.swift */,
				22879EE926D6308900682651 /* GeofenceStorageServiceTests.swift */,
				E3E4A1BB26DA488B00A2D818 /* GeofenceCheckServiceTests.swift */,
				E3E4A1BD26DA521500A2D818 /* GeofenceViewPresenterTests.swift */,
				E3E4A1BF26DA655D00A2D818 /* LocationServiceMock.swift */,
				22D6E24326DFBBE10075469A /* WelcomeViewPresenterTests.swift */,
				22D6E24526DFBF600075469A /* AppCoordinatingSpy.swift */,
				22D6E29926E756EF0075469A /* DetailTextInputPresenterTests.swift */,
			);
			path = GeofenceMeTests;
			sourceTree = "<group>";
		};
		22879EB026D3CB1900682651 /* GeofenceMeUITests */ = {
			isa = PBXGroup;
			children = (
				22879EB126D3CB1900682651 /* GeofenceMeUITests.swift */,
				22879EB326D3CB1900682651 /* Info.plist */,
			);
			path = GeofenceMeUITests;
			sourceTree = "<group>";
		};
		22879EBF26D3CF5E00682651 /* WelcomeScreen */ = {
			isa = PBXGroup;
			children = (
				22879E9326D3CB1600682651 /* WelcomeViewController.swift */,
				22879EC226D4AECC00682651 /* WelcomeViewPresenter.swift */,
				22D6E23F26DF93910075469A /* WelcomeViewController.xib */,
				22D6E24126DF9DA10075469A /* WelcomeViewPresenterDelegate.swift */,
			);
			path = WelcomeScreen;
			sourceTree = "<group>";
		};
		22879EC426D4AFB200682651 /* LocationService */ = {
			isa = PBXGroup;
			children = (
				22879EC526D4AFC800682651 /* LocationServiceProviding.swift */,
				22879EC726D4B03000682651 /* LocationServiceProvider.swift */,
				22879EC926D4B07400682651 /* LocationServiceDelegate.swift */,
			);
			path = LocationService;
			sourceTree = "<group>";
		};
		22879ECC26D4BD7E00682651 /* AddGeofence */ = {
			isa = PBXGroup;
			children = (
				22879ED126D4C66100682651 /* AddGeofenceViewController.swift */,
				22879ED226D4C66100682651 /* AddGeofenceViewController.xib */,
				22879ED826D6124D00682651 /* AddGeofenceViewPresenter.swift */,
				22879EDA26D612F000682651 /* AddGeofenceViewPresenterDelegate.swift */,
				22879EE726D62DD500682651 /* AddGeofenceViewModel.swift */,
			);
			path = AddGeofence;
			sourceTree = "<group>";
		};
		22879ED526D5EF4B00682651 /* MapView */ = {
			isa = PBXGroup;
			children = (
				22879ED626D5EF6200682651 /* MapPin.swift */,
			);
			path = MapView;
			sourceTree = "<group>";
		};
		22879EDC26D619B300682651 /* GeofenceService */ = {
			isa = PBXGroup;
			children = (
				22879EDD26D619F000682651 /* GeofenceStorageService.swift */,
				22879EDF26D61A2800682651 /* GeofenceStorageProviding.swift */,
				22879EE126D61A4F00682651 /* GeofenceInfo.swift */,
				22879EF426D7815400682651 /* GeofenceCheckService.swift */,
				2297F26F26DF2CA600BF241C /* GeofenceMonitor.swift */,
			);
			path = GeofenceService;
			sourceTree = "<group>";
		};
		22879EEF26D634FA00682651 /* GeofenceView */ = {
			isa = PBXGroup;
			children = (
				22879EEB26D634F400682651 /* GeofenceViewController.swift */,
				22879EEC26D634F400682651 /* GeofenceViewController.xib */,
				22879EF026D6351400682651 /* GeofenceViewPresenter.swift */,
				22879EF226D635A100682651 /* GeofenceViewModel.swift */,
				E3E4A1B926D9E3FD00A2D818 /* GeofenceViewPresenterDelegate.swift */,
			);
			path = GeofenceView;
			sourceTree = "<group>";
		};
		22879EF826D7891E00682651 /* WifiDetector */ = {
			isa = PBXGroup;
			children = (
				22879EF626D7891600682651 /* WifiDetectorService.swift */,
			);
			path = WifiDetector;
			sourceTree = "<group>";
		};
		2297F27826DF72D700BF241C /* NotificationService */ = {
			isa = PBXGroup;
			children = (
				2297F27926DF72F200BF241C /* NotificationService.swift */,
			);
			path = NotificationService;
			sourceTree = "<group>";
		};
		2297F27D26DF8F6900BF241C /* Coordinator */ = {
			isa = PBXGroup;
			children = (
				2297F27E26DF8F6900BF241C /* AppCoordinator.swift */,
				2297F27F26DF8F6900BF241C /* Coordinator.swift */,
				22D6E24726DFBF7D0075469A /* AppCoordinating.swift */,
				22D6E29B26E778580075469A /* GeofenceDetailsCoordinator.swift */,
				22D6E29D26E7786F0075469A /* GeofenceDetailsCoordinating.swift */,
				22D6E29F26E7A8CA0075469A /* GeofenceDetailsParentCoordinating.swift */,
			);
			path = Coordinator;
			sourceTree = "<group>";
		};
		22D6E24926E0C7340075469A /* ViewControllerAppEventsProtocol */ = {
			isa = PBXGroup;
			children = (
				22D6E24A26E0C75E0075469A /* ViewControllerAppEventResponding.swift */,
			);
			path = ViewControllerAppEventsProtocol;
			sourceTree = "<group>";
		};
		22D6E25B26E5FFEE0075469A /* GeofenceDetails */ = {
			isa = PBXGroup;
			children = (
				22D6E25C26E600050075469A /* GeofenceDetailsViewController.swift */,
				22D6E25D26E600050075469A /* GeofenceDetailsViewController.xib */,
				22D6E26626E602F40075469A /* TextDisplayCell.swift */,
				22D6E26726E602F40075469A /* TextDisplayCell.xib */,
				22D6E26E26E608710075469A /* SwitchCell.swift */,
				22D6E26F26E608710075469A /* SwitchCell.xib */,
				22D6E27226E60C4F0075469A /* SegmentCell.swift */,
				22D6E27326E60C4F0075469A /* SegmentCell.xib */,
				22D6E27626E60EC30075469A /* GeofenceDetailsViewPresenter.swift */,
				22D6E27826E60EFC0075469A /* GeofenceDetailsCellType.swift */,
				22D6E27A26E612C50075469A /* GeofenceDetailsCellModel.swift */,
				22D6E27C26E616F80075469A /* GeofenceDetailsCellTextModel.swift */,
				22D6E27E26E618690075469A /* GeofenceDetailsCellSwitchModel.swift */,
				22D6E28026E6199F0075469A /* GeofenceDetailsCellSegment.swift */,
				22D6E28226E61D950075469A /* SegmentCellDelegate.swift */,
				22D6E28426E621400075469A /* GeofenceDetailType.swift */,
				22D6E28626E718A90075469A /* GeofenceDetailsViewModel.swift */,
				22D6E28826E71C0E0075469A /* RadiusOption.swift */,
				22D6E28A26E71F310075469A /* SwitchCellDelegate.swift */,
				22D6E28C26E72AB30075469A /* GeofenceDetailsPresenterDelegate.swift */,
				22D6E2A126E7A9590075469A /* GeofenceDetailsResponding.swift */,
			);
			path = GeofenceDetails;
			sourceTree = "<group>";
		};
		22D6E29426E74FEE0075469A /* DetailTextInput */ = {
			isa = PBXGroup;
			children = (
				22D6E29026E74DC10075469A /* DetailTextInputViewController.swift */,
				22D6E29126E74DC10075469A /* DetailTextInputViewController.xib */,
				22D6E29526E750370075469A /* DetailTextInputPresenter.swift */,
				22D6E29726E753090075469A /* DetailTextViewControllerResponding.swift */,
			);
			path = DetailTextInput;
			sourceTree = "<group>";
		};
/* End PBXGroup section */

/* Begin PBXNativeTarget section */
		22879E8B26D3CB1600682651 /* GeofenceMe */ = {
			isa = PBXNativeTarget;
			buildConfigurationList = 22879EB626D3CB1900682651 /* Build configuration list for PBXNativeTarget "GeofenceMe" */;
			buildPhases = (
				22879E8826D3CB1600682651 /* Sources */,
				22879E8926D3CB1600682651 /* Frameworks */,
				22879E8A26D3CB1600682651 /* Resources */,
			);
			buildRules = (
			);
			dependencies = (
			);
			name = GeofenceMe;
			productName = GeofenceMe;
			productReference = 22879E8C26D3CB1600682651 /* GeofenceMe.app */;
			productType = "com.apple.product-type.application";
		};
		22879EA126D3CB1800682651 /* GeofenceMeTests */ = {
			isa = PBXNativeTarget;
			buildConfigurationList = 22879EB926D3CB1900682651 /* Build configuration list for PBXNativeTarget "GeofenceMeTests" */;
			buildPhases = (
				22879E9E26D3CB1800682651 /* Sources */,
				22879E9F26D3CB1800682651 /* Frameworks */,
				22879EA026D3CB1800682651 /* Resources */,
			);
			buildRules = (
			);
			dependencies = (
				22879EA426D3CB1800682651 /* PBXTargetDependency */,
			);
			name = GeofenceMeTests;
			productName = GeofenceMeTests;
			productReference = 22879EA226D3CB1800682651 /* GeofenceMeTests.xctest */;
			productType = "com.apple.product-type.bundle.unit-test";
		};
		22879EAC26D3CB1800682651 /* GeofenceMeUITests */ = {
			isa = PBXNativeTarget;
			buildConfigurationList = 22879EBC26D3CB1900682651 /* Build configuration list for PBXNativeTarget "GeofenceMeUITests" */;
			buildPhases = (
				22879EA926D3CB1800682651 /* Sources */,
				22879EAA26D3CB1800682651 /* Frameworks */,
				22879EAB26D3CB1800682651 /* Resources */,
			);
			buildRules = (
			);
			dependencies = (
				22879EAF26D3CB1800682651 /* PBXTargetDependency */,
			);
			name = GeofenceMeUITests;
			productName = GeofenceMeUITests;
			productReference = 22879EAD26D3CB1800682651 /* GeofenceMeUITests.xctest */;
			productType = "com.apple.product-type.bundle.ui-testing";
		};
/* End PBXNativeTarget section */

/* Begin PBXProject section */
		22879E8426D3CB1600682651 /* Project object */ = {
			isa = PBXProject;
			attributes = {
				LastSwiftUpdateCheck = 1250;
				LastUpgradeCheck = 1250;
				TargetAttributes = {
					22879E8B26D3CB1600682651 = {
						CreatedOnToolsVersion = 12.5.1;
					};
					22879EA126D3CB1800682651 = {
						CreatedOnToolsVersion = 12.5.1;
						TestTargetID = 22879E8B26D3CB1600682651;
					};
					22879EAC26D3CB1800682651 = {
						CreatedOnToolsVersion = 12.5.1;
						TestTargetID = 22879E8B26D3CB1600682651;
					};
				};
			};
			buildConfigurationList = 22879E8726D3CB1600682651 /* Build configuration list for PBXProject "GeofenceMe" */;
			compatibilityVersion = "Xcode 9.3";
			developmentRegion = en;
			hasScannedForEncodings = 0;
			knownRegions = (
				en,
				Base,
			);
			mainGroup = 22879E8326D3CB1600682651;
			productRefGroup = 22879E8D26D3CB1600682651 /* Products */;
			projectDirPath = "";
			projectRoot = "";
			targets = (
				22879E8B26D3CB1600682651 /* GeofenceMe */,
				22879EA126D3CB1800682651 /* GeofenceMeTests */,
				22879EAC26D3CB1800682651 /* GeofenceMeUITests */,
			);
		};
/* End PBXProject section */

/* Begin PBXResourcesBuildPhase section */
		22879E8A26D3CB1600682651 /* Resources */ = {
			isa = PBXResourcesBuildPhase;
			buildActionMask = 2147483647;
			files = (
				22879ED426D4C66100682651 /* AddGeofenceViewController.xib in Resources */,
				22879EEE26D634F400682651 /* GeofenceViewController.xib in Resources */,
				22879E9C26D3CB1800682651 /* LaunchScreen.storyboard in Resources */,
				22879E9926D3CB1800682651 /* Assets.xcassets in Resources */,
				22D6E29326E74DC10075469A /* DetailTextInputViewController.xib in Resources */,
				22D6E25F26E600050075469A /* GeofenceDetailsViewController.xib in Resources */,
				22D6E27126E608710075469A /* SwitchCell.xib in Resources */,
				22879E9726D3CB1600682651 /* Main.storyboard in Resources */,
				22D6E27526E60C4F0075469A /* SegmentCell.xib in Resources */,
				22D6E24026DF93910075469A /* WelcomeViewController.xib in Resources */,
				22D6E26926E602F40075469A /* TextDisplayCell.xib in Resources */,
			);
			runOnlyForDeploymentPostprocessing = 0;
		};
		22879EA026D3CB1800682651 /* Resources */ = {
			isa = PBXResourcesBuildPhase;
			buildActionMask = 2147483647;
			files = (
			);
			runOnlyForDeploymentPostprocessing = 0;
		};
		22879EAB26D3CB1800682651 /* Resources */ = {
			isa = PBXResourcesBuildPhase;
			buildActionMask = 2147483647;
			files = (
			);
			runOnlyForDeploymentPostprocessing = 0;
		};
/* End PBXResourcesBuildPhase section */

/* Begin PBXSourcesBuildPhase section */
		22879E8826D3CB1600682651 /* Sources */ = {
			isa = PBXSourcesBuildPhase;
			buildActionMask = 2147483647;
			files = (
				22D6E24B26E0C75E0075469A /* ViewControllerAppEventResponding.swift in Sources */,
				22879EF326D635A100682651 /* GeofenceViewModel.swift in Sources */,
				22D6E29226E74DC10075469A /* DetailTextInputViewController.swift in Sources */,
				22D6E24226DF9DA10075469A /* WelcomeViewPresenterDelegate.swift in Sources */,
				22879EF526D7815400682651 /* GeofenceCheckService.swift in Sources */,
				22D6E27B26E612C50075469A /* GeofenceDetailsCellModel.swift in Sources */,
				22879EE226D61A4F00682651 /* GeofenceInfo.swift in Sources */,
				22D6E29626E750370075469A /* DetailTextInputPresenter.swift in Sources */,
				22D6E29826E753090075469A /* DetailTextViewControllerResponding.swift in Sources */,
				22D6E2A226E7A9590075469A /* GeofenceDetailsResponding.swift in Sources */,
				2297F27026DF2CA600BF241C /* GeofenceMonitor.swift in Sources */,
				22879EDB26D612F000682651 /* AddGeofenceViewPresenterDelegate.swift in Sources */,
				22D6E27726E60EC30075469A /* GeofenceDetailsViewPresenter.swift in Sources */,
				22D6E28B26E71F310075469A /* SwitchCellDelegate.swift in Sources */,
				22D6E28326E61D950075469A /* SegmentCellDelegate.swift in Sources */,
				22879EF126D6351400682651 /* GeofenceViewPresenter.swift in Sources */,
				22879EED26D634F400682651 /* GeofenceViewController.swift in Sources */,
				22879EDE26D619F000682651 /* GeofenceStorageService.swift in Sources */,
				22879EC326D4AECC00682651 /* WelcomeViewPresenter.swift in Sources */,
				22D6E29C26E778580075469A /* GeofenceDetailsCoordinator.swift in Sources */,
				22879ED326D4C66100682651 /* AddGeofenceViewController.swift in Sources */,
				22879EE826D62DD500682651 /* AddGeofenceViewModel.swift in Sources */,
				22879E9426D3CB1600682651 /* WelcomeViewController.swift in Sources */,
				22D6E28126E619A00075469A /* GeofenceDetailsCellSegment.swift in Sources */,
				22D6E28726E718A90075469A /* GeofenceDetailsViewModel.swift in Sources */,
				22D6E29E26E7786F0075469A /* GeofenceDetailsCoordinating.swift in Sources */,
				22D6E27026E608710075469A /* SwitchCell.swift in Sources */,
				22D6E27D26E616F80075469A /* GeofenceDetailsCellTextModel.swift in Sources */,
				22D6E2A026E7A8CA0075469A /* GeofenceDetailsParentCoordinating.swift in Sources */,
				2297F28026DF8F6900BF241C /* AppCoordinator.swift in Sources */,
				22879E9026D3CB1600682651 /* AppDelegate.swift in Sources */,
				22879EC826D4B03000682651 /* LocationServiceProvider.swift in Sources */,
				22879ED726D5EF6200682651 /* MapPin.swift in Sources */,
				22879ECA26D4B07400682651 /* LocationServiceDelegate.swift in Sources */,
				E3E4A1BA26D9E3FD00A2D818 /* GeofenceViewPresenterDelegate.swift in Sources */,
				22879ED926D6124D00682651 /* AddGeofenceViewPresenter.swift in Sources */,
				22D6E28926E71C0E0075469A /* RadiusOption.swift in Sources */,
				22879EC626D4AFC800682651 /* LocationServiceProviding.swift in Sources */,
				22D6E24826DFBF7D0075469A /* AppCoordinating.swift in Sources */,
				22D6E26826E602F40075469A /* TextDisplayCell.swift in Sources */,
				2297F27A26DF72F200BF241C /* NotificationService.swift in Sources */,
				22D6E28D26E72AB30075469A /* GeofenceDetailsPresenterDelegate.swift in Sources */,
				22D6E27926E60EFC0075469A /* GeofenceDetailsCellType.swift in Sources */,
				22879EE026D61A2800682651 /* GeofenceStorageProviding.swift in Sources */,
				2297F28126DF8F6900BF241C /* Coordinator.swift in Sources */,
				22D6E25E26E600050075469A /* GeofenceDetailsViewController.swift in Sources */,
				22D6E27F26E618690075469A /* GeofenceDetailsCellSwitchModel.swift in Sources */,
				22D6E28526E621400075469A /* GeofenceDetailType.swift in Sources */,
				22879EF726D7891600682651 /* WifiDetectorService.swift in Sources */,
				22879E9226D3CB1600682651 /* SceneDelegate.swift in Sources */,
				22D6E27426E60C4F0075469A /* SegmentCell.swift in Sources */,
			);
			runOnlyForDeploymentPostprocessing = 0;
		};
		22879E9E26D3CB1800682651 /* Sources */ = {
			isa = PBXSourcesBuildPhase;
			buildActionMask = 2147483647;
			files = (
				E3E4A1C026DA655D00A2D818 /* LocationServiceMock.swift in Sources */,
				E3E4A1BC26DA488B00A2D818 /* GeofenceCheckServiceTests.swift in Sources */,
				E3E4A1BE26DA521500A2D818 /* GeofenceViewPresenterTests.swift in Sources */,
				22879EEA26D6308900682651 /* GeofenceStorageServiceTests.swift in Sources */,
				22879EE426D6213D00682651 /* AddGeofencePresenterViewTests.swift in Sources */,
				22879EE626D62CED00682651 /* GeofenceStorageMock.swift in Sources */,
				22D6E24426DFBBE10075469A /* WelcomeViewPresenterTests.swift in Sources */,
				22D6E24626DFBF600075469A /* AppCoordinatingSpy.swift in Sources */,
				22D6E29A26E756EF0075469A /* DetailTextInputPresenterTests.swift in Sources */,
			);
			runOnlyForDeploymentPostprocessing = 0;
		};
		22879EA926D3CB1800682651 /* Sources */ = {
			isa = PBXSourcesBuildPhase;
			buildActionMask = 2147483647;
			files = (
				22879EB226D3CB1900682651 /* GeofenceMeUITests.swift in Sources */,
			);
			runOnlyForDeploymentPostprocessing = 0;
		};
/* End PBXSourcesBuildPhase section */

/* Begin PBXTargetDependency section */
		22879EA426D3CB1800682651 /* PBXTargetDependency */ = {
			isa = PBXTargetDependency;
			target = 22879E8B26D3CB1600682651 /* GeofenceMe */;
			targetProxy = 22879EA326D3CB1800682651 /* PBXContainerItemProxy */;
		};
		22879EAF26D3CB1800682651 /* PBXTargetDependency */ = {
			isa = PBXTargetDependency;
			target = 22879E8B26D3CB1600682651 /* GeofenceMe */;
			targetProxy = 22879EAE26D3CB1800682651 /* PBXContainerItemProxy */;
		};
/* End PBXTargetDependency section */

/* Begin PBXVariantGroup section */
		22879E9526D3CB1600682651 /* Main.storyboard */ = {
			isa = PBXVariantGroup;
			children = (
				22879E9626D3CB1600682651 /* Base */,
			);
			name = Main.storyboard;
			sourceTree = "<group>";
		};
		22879E9A26D3CB1800682651 /* LaunchScreen.storyboard */ = {
			isa = PBXVariantGroup;
			children = (
				22879E9B26D3CB1800682651 /* Base */,
			);
			name = LaunchScreen.storyboard;
			sourceTree = "<group>";
		};
/* End PBXVariantGroup section */

/* Begin XCBuildConfiguration section */
		22879EB426D3CB1900682651 /* Debug */ = {
			isa = XCBuildConfiguration;
			buildSettings = {
				ALWAYS_SEARCH_USER_PATHS = NO;
				CLANG_ANALYZER_NONNULL = YES;
				CLANG_ANALYZER_NUMBER_OBJECT_CONVERSION = YES_AGGRESSIVE;
				CLANG_CXX_LANGUAGE_STANDARD = "gnu++14";
				CLANG_CXX_LIBRARY = "libc++";
				CLANG_ENABLE_MODULES = YES;
				CLANG_ENABLE_OBJC_ARC = YES;
				CLANG_ENABLE_OBJC_WEAK = YES;
				CLANG_WARN_BLOCK_CAPTURE_AUTORELEASING = YES;
				CLANG_WARN_BOOL_CONVERSION = YES;
				CLANG_WARN_COMMA = YES;
				CLANG_WARN_CONSTANT_CONVERSION = YES;
				CLANG_WARN_DEPRECATED_OBJC_IMPLEMENTATIONS = YES;
				CLANG_WARN_DIRECT_OBJC_ISA_USAGE = YES_ERROR;
				CLANG_WARN_DOCUMENTATION_COMMENTS = YES;
				CLANG_WARN_EMPTY_BODY = YES;
				CLANG_WARN_ENUM_CONVERSION = YES;
				CLANG_WARN_INFINITE_RECURSION = YES;
				CLANG_WARN_INT_CONVERSION = YES;
				CLANG_WARN_NON_LITERAL_NULL_CONVERSION = YES;
				CLANG_WARN_OBJC_IMPLICIT_RETAIN_SELF = YES;
				CLANG_WARN_OBJC_LITERAL_CONVERSION = YES;
				CLANG_WARN_OBJC_ROOT_CLASS = YES_ERROR;
				CLANG_WARN_QUOTED_INCLUDE_IN_FRAMEWORK_HEADER = YES;
				CLANG_WARN_RANGE_LOOP_ANALYSIS = YES;
				CLANG_WARN_STRICT_PROTOTYPES = YES;
				CLANG_WARN_SUSPICIOUS_MOVE = YES;
				CLANG_WARN_UNGUARDED_AVAILABILITY = YES_AGGRESSIVE;
				CLANG_WARN_UNREACHABLE_CODE = YES;
				CLANG_WARN__DUPLICATE_METHOD_MATCH = YES;
				COPY_PHASE_STRIP = NO;
				DEBUG_INFORMATION_FORMAT = dwarf;
				ENABLE_STRICT_OBJC_MSGSEND = YES;
				ENABLE_TESTABILITY = YES;
				GCC_C_LANGUAGE_STANDARD = gnu11;
				GCC_DYNAMIC_NO_PIC = NO;
				GCC_NO_COMMON_BLOCKS = YES;
				GCC_OPTIMIZATION_LEVEL = 0;
				GCC_PREPROCESSOR_DEFINITIONS = (
					"DEBUG=1",
					"$(inherited)",
				);
				GCC_WARN_64_TO_32_BIT_CONVERSION = YES;
				GCC_WARN_ABOUT_RETURN_TYPE = YES_ERROR;
				GCC_WARN_UNDECLARED_SELECTOR = YES;
				GCC_WARN_UNINITIALIZED_AUTOS = YES_AGGRESSIVE;
				GCC_WARN_UNUSED_FUNCTION = YES;
				GCC_WARN_UNUSED_VARIABLE = YES;
				IPHONEOS_DEPLOYMENT_TARGET = 14.5;
				MTL_ENABLE_DEBUG_INFO = INCLUDE_SOURCE;
				MTL_FAST_MATH = YES;
				ONLY_ACTIVE_ARCH = YES;
				SDKROOT = iphoneos;
				SWIFT_ACTIVE_COMPILATION_CONDITIONS = DEBUG;
				SWIFT_OPTIMIZATION_LEVEL = "-Onone";
			};
			name = Debug;
		};
		22879EB526D3CB1900682651 /* Release */ = {
			isa = XCBuildConfiguration;
			buildSettings = {
				ALWAYS_SEARCH_USER_PATHS = NO;
				CLANG_ANALYZER_NONNULL = YES;
				CLANG_ANALYZER_NUMBER_OBJECT_CONVERSION = YES_AGGRESSIVE;
				CLANG_CXX_LANGUAGE_STANDARD = "gnu++14";
				CLANG_CXX_LIBRARY = "libc++";
				CLANG_ENABLE_MODULES = YES;
				CLANG_ENABLE_OBJC_ARC = YES;
				CLANG_ENABLE_OBJC_WEAK = YES;
				CLANG_WARN_BLOCK_CAPTURE_AUTORELEASING = YES;
				CLANG_WARN_BOOL_CONVERSION = YES;
				CLANG_WARN_COMMA = YES;
				CLANG_WARN_CONSTANT_CONVERSION = YES;
				CLANG_WARN_DEPRECATED_OBJC_IMPLEMENTATIONS = YES;
				CLANG_WARN_DIRECT_OBJC_ISA_USAGE = YES_ERROR;
				CLANG_WARN_DOCUMENTATION_COMMENTS = YES;
				CLANG_WARN_EMPTY_BODY = YES;
				CLANG_WARN_ENUM_CONVERSION = YES;
				CLANG_WARN_INFINITE_RECURSION = YES;
				CLANG_WARN_INT_CONVERSION = YES;
				CLANG_WARN_NON_LITERAL_NULL_CONVERSION = YES;
				CLANG_WARN_OBJC_IMPLICIT_RETAIN_SELF = YES;
				CLANG_WARN_OBJC_LITERAL_CONVERSION = YES;
				CLANG_WARN_OBJC_ROOT_CLASS = YES_ERROR;
				CLANG_WARN_QUOTED_INCLUDE_IN_FRAMEWORK_HEADER = YES;
				CLANG_WARN_RANGE_LOOP_ANALYSIS = YES;
				CLANG_WARN_STRICT_PROTOTYPES = YES;
				CLANG_WARN_SUSPICIOUS_MOVE = YES;
				CLANG_WARN_UNGUARDED_AVAILABILITY = YES_AGGRESSIVE;
				CLANG_WARN_UNREACHABLE_CODE = YES;
				CLANG_WARN__DUPLICATE_METHOD_MATCH = YES;
				COPY_PHASE_STRIP = NO;
				DEBUG_INFORMATION_FORMAT = "dwarf-with-dsym";
				ENABLE_NS_ASSERTIONS = NO;
				ENABLE_STRICT_OBJC_MSGSEND = YES;
				GCC_C_LANGUAGE_STANDARD = gnu11;
				GCC_NO_COMMON_BLOCKS = YES;
				GCC_WARN_64_TO_32_BIT_CONVERSION = YES;
				GCC_WARN_ABOUT_RETURN_TYPE = YES_ERROR;
				GCC_WARN_UNDECLARED_SELECTOR = YES;
				GCC_WARN_UNINITIALIZED_AUTOS = YES_AGGRESSIVE;
				GCC_WARN_UNUSED_FUNCTION = YES;
				GCC_WARN_UNUSED_VARIABLE = YES;
				IPHONEOS_DEPLOYMENT_TARGET = 14.5;
				MTL_ENABLE_DEBUG_INFO = NO;
				MTL_FAST_MATH = YES;
				SDKROOT = iphoneos;
				SWIFT_COMPILATION_MODE = wholemodule;
				SWIFT_OPTIMIZATION_LEVEL = "-O";
				VALIDATE_PRODUCT = YES;
			};
			name = Release;
		};
		22879EB726D3CB1900682651 /* Debug */ = {
			isa = XCBuildConfiguration;
			buildSettings = {
				ASSETCATALOG_COMPILER_APPICON_NAME = AppIcon;
				ASSETCATALOG_COMPILER_GLOBAL_ACCENT_COLOR_NAME = AccentColor;
				CODE_SIGN_ENTITLEMENTS = GeofenceMe/GeofenceMe.entitlements;
				CODE_SIGN_IDENTITY = "iPhone Developer";
				CODE_SIGN_STYLE = Manual;
				DEVELOPMENT_TEAM = ZWNS9Y7FJU;
				INFOPLIST_FILE = GeofenceMe/Info.plist;
				LD_RUNPATH_SEARCH_PATHS = (
					"$(inherited)",
					"@executable_path/Frameworks",
				);
				PRODUCT_BUNDLE_IDENTIFIER = com.abdsani.GeofenceMe;
				PRODUCT_NAME = "$(TARGET_NAME)";
				PROVISIONING_PROFILE_SPECIFIER = "GeofenceMe Profile Sep 3 2021";
				SWIFT_VERSION = 5.0;
				TARGETED_DEVICE_FAMILY = "1,2";
			};
			name = Debug;
		};
		22879EB826D3CB1900682651 /* Release */ = {
			isa = XCBuildConfiguration;
			buildSettings = {
				ASSETCATALOG_COMPILER_APPICON_NAME = AppIcon;
				ASSETCATALOG_COMPILER_GLOBAL_ACCENT_COLOR_NAME = AccentColor;
				CODE_SIGN_ENTITLEMENTS = GeofenceMe/GeofenceMe.entitlements;
				CODE_SIGN_IDENTITY = "iPhone Developer";
				CODE_SIGN_STYLE = Manual;
				DEVELOPMENT_TEAM = ZWNS9Y7FJU;
				INFOPLIST_FILE = GeofenceMe/Info.plist;
				LD_RUNPATH_SEARCH_PATHS = (
					"$(inherited)",
					"@executable_path/Frameworks",
				);
				PRODUCT_BUNDLE_IDENTIFIER = com.abdsani.GeofenceMe;
				PRODUCT_NAME = "$(TARGET_NAME)";
				PROVISIONING_PROFILE_SPECIFIER = "GeofenceMe Profile Sep 3 2021";
				SWIFT_VERSION = 5.0;
				TARGETED_DEVICE_FAMILY = "1,2";
			};
			name = Release;
		};
		22879EBA26D3CB1900682651 /* Debug */ = {
			isa = XCBuildConfiguration;
			buildSettings = {
				ALWAYS_EMBED_SWIFT_STANDARD_LIBRARIES = YES;
				BUNDLE_LOADER = "$(TEST_HOST)";
				CODE_SIGN_STYLE = Automatic;
				INFOPLIST_FILE = GeofenceMeTests/Info.plist;
				IPHONEOS_DEPLOYMENT_TARGET = 14.5;
				LD_RUNPATH_SEARCH_PATHS = (
					"$(inherited)",
					"@executable_path/Frameworks",
					"@loader_path/Frameworks",
				);
				PRODUCT_BUNDLE_IDENTIFIER = com.abdsani.GeofenceMeTests;
				PRODUCT_NAME = "$(TARGET_NAME)";
				SWIFT_VERSION = 5.0;
				TARGETED_DEVICE_FAMILY = "1,2";
				TEST_HOST = "$(BUILT_PRODUCTS_DIR)/GeofenceMe.app/GeofenceMe";
			};
			name = Debug;
		};
		22879EBB26D3CB1900682651 /* Release */ = {
			isa = XCBuildConfiguration;
			buildSettings = {
				ALWAYS_EMBED_SWIFT_STANDARD_LIBRARIES = YES;
				BUNDLE_LOADER = "$(TEST_HOST)";
				CODE_SIGN_STYLE = Automatic;
				INFOPLIST_FILE = GeofenceMeTests/Info.plist;
				IPHONEOS_DEPLOYMENT_TARGET = 14.5;
				LD_RUNPATH_SEARCH_PATHS = (
					"$(inherited)",
					"@executable_path/Frameworks",
					"@loader_path/Frameworks",
				);
				PRODUCT_BUNDLE_IDENTIFIER = com.abdsani.GeofenceMeTests;
				PRODUCT_NAME = "$(TARGET_NAME)";
				SWIFT_VERSION = 5.0;
				TARGETED_DEVICE_FAMILY = "1,2";
				TEST_HOST = "$(BUILT_PRODUCTS_DIR)/GeofenceMe.app/GeofenceMe";
			};
			name = Release;
		};
		22879EBD26D3CB1900682651 /* Debug */ = {
			isa = XCBuildConfiguration;
			buildSettings = {
				ALWAYS_EMBED_SWIFT_STANDARD_LIBRARIES = YES;
				CODE_SIGN_STYLE = Automatic;
				INFOPLIST_FILE = GeofenceMeUITests/Info.plist;
				LD_RUNPATH_SEARCH_PATHS = (
					"$(inherited)",
					"@executable_path/Frameworks",
					"@loader_path/Frameworks",
				);
				PRODUCT_BUNDLE_IDENTIFIER = com.abdsani.GeofenceMeUITests;
				PRODUCT_NAME = "$(TARGET_NAME)";
				SWIFT_VERSION = 5.0;
				TARGETED_DEVICE_FAMILY = "1,2";
				TEST_TARGET_NAME = GeofenceMe;
			};
			name = Debug;
		};
		22879EBE26D3CB1900682651 /* Release */ = {
			isa = XCBuildConfiguration;
			buildSettings = {
				ALWAYS_EMBED_SWIFT_STANDARD_LIBRARIES = YES;
				CODE_SIGN_STYLE = Automatic;
				INFOPLIST_FILE = GeofenceMeUITests/Info.plist;
				LD_RUNPATH_SEARCH_PATHS = (
					"$(inherited)",
					"@executable_path/Frameworks",
					"@loader_path/Frameworks",
				);
				PRODUCT_BUNDLE_IDENTIFIER = com.abdsani.GeofenceMeUITests;
				PRODUCT_NAME = "$(TARGET_NAME)";
				SWIFT_VERSION = 5.0;
				TARGETED_DEVICE_FAMILY = "1,2";
				TEST_TARGET_NAME = GeofenceMe;
			};
			name = Release;
		};
/* End XCBuildConfiguration section */

/* Begin XCConfigurationList section */
		22879E8726D3CB1600682651 /* Build configuration list for PBXProject "GeofenceMe" */ = {
			isa = XCConfigurationList;
			buildConfigurations = (
				22879EB426D3CB1900682651 /* Debug */,
				22879EB526D3CB1900682651 /* Release */,
			);
			defaultConfigurationIsVisible = 0;
			defaultConfigurationName = Release;
		};
		22879EB626D3CB1900682651 /* Build configuration list for PBXNativeTarget "GeofenceMe" */ = {
			isa = XCConfigurationList;
			buildConfigurations = (
				22879EB726D3CB1900682651 /* Debug */,
				22879EB826D3CB1900682651 /* Release */,
			);
			defaultConfigurationIsVisible = 0;
			defaultConfigurationName = Release;
		};
		22879EB926D3CB1900682651 /* Build configuration list for PBXNativeTarget "GeofenceMeTests" */ = {
			isa = XCConfigurationList;
			buildConfigurations = (
				22879EBA26D3CB1900682651 /* Debug */,
				22879EBB26D3CB1900682651 /* Release */,
			);
			defaultConfigurationIsVisible = 0;
			defaultConfigurationName = Release;
		};
		22879EBC26D3CB1900682651 /* Build configuration list for PBXNativeTarget "GeofenceMeUITests" */ = {
			isa = XCConfigurationList;
			buildConfigurations = (
				22879EBD26D3CB1900682651 /* Debug */,
				22879EBE26D3CB1900682651 /* Release */,
			);
			defaultConfigurationIsVisible = 0;
			defaultConfigurationName = Release;
		};
/* End XCConfigurationList section */
	};
	rootObject = 22879E8426D3CB1600682651 /* Project object */;
}
